<?xml version="1.0" encoding="utf-8"?>
<Project ToolsVersion="4.0" xmlns="http://schemas.microsoft.com/developer/msbuild/2003">
  <ItemGroup>
    <Filter Include="Scenes">
      <UniqueIdentifier>{4292490b-2072-4845-8a69-16a70d2c88ef}</UniqueIdentifier>
    </Filter>
    <Filter Include="Scenes\Test">
      <UniqueIdentifier>{2f207e1b-dbfd-4215-a823-0fc92f606684}</UniqueIdentifier>
    </Filter>
    <Filter Include="Scenes\Level">
      <UniqueIdentifier>{3f2f0fb9-1f26-4106-95ae-22bb9d21cb1d}</UniqueIdentifier>
    </Filter>
    <Filter Include="Scenes\Load/Menu">
      <UniqueIdentifier>{e8ed27eb-6bc6-48df-8680-2d9888063b4f}</UniqueIdentifier>
    </Filter>
    <Filter Include="_res">
      <UniqueIdentifier>{ddc500a7-223a-4a4c-8f62-e267bd854925}</UniqueIdentifier>
    </Filter>
    <Filter Include="Gameplay">
      <UniqueIdentifier>{6ddd61b6-b6d6-4d4a-bc0f-9738d2d70017}</UniqueIdentifier>
    </Filter>
    <Filter Include="Gameplay\GameParts">
      <UniqueIdentifier>{b1da0587-967f-423e-b6a3-2057fd563109}</UniqueIdentifier>
    </Filter>
    <Filter Include="Gameplay\Debug">
      <UniqueIdentifier>{495eab2a-e0ac-4fe0-abb0-2e734382b7c8}</UniqueIdentifier>
    </Filter>
    <Filter Include="Gameplay\Extensions">
      <UniqueIdentifier>{15c291bb-d0d4-4238-8f28-e826fec8b7e0}</UniqueIdentifier>
    </Filter>
    <Filter Include="Scripts">
      <UniqueIdentifier>{f06ad67d-c0ee-4496-a4c1-7b49b6772397}</UniqueIdentifier>
    </Filter>
    <Filter Include="Effects">
      <UniqueIdentifier>{11762833-c888-4f3a-bab3-a3f9c86d6d26}</UniqueIdentifier>
    </Filter>
    <Filter Include="Level">
      <UniqueIdentifier>{fd233766-67c9-400f-bf57-484c10707460}</UniqueIdentifier>
    </Filter>
    <Filter Include="Particle">
      <UniqueIdentifier>{739812fe-bed1-4148-8b62-744e3351f8ff}</UniqueIdentifier>
    </Filter>
    <Filter Include="Particle\PEBlood">
      <UniqueIdentifier>{46338e79-8524-47f8-8b82-cef7cd034705}</UniqueIdentifier>
    </Filter>
    <Filter Include="Particle\PEDebris">
      <UniqueIdentifier>{8132b892-4054-498c-bd8b-3092c94a2f1d}</UniqueIdentifier>
    </Filter>
    <Filter Include="Particle\PEExplosion">
      <UniqueIdentifier>{64506ec8-7c71-4253-bee7-a1160b67947e}</UniqueIdentifier>
    </Filter>
    <Filter Include="Particle\PEFire">
      <UniqueIdentifier>{d69bbffd-61fd-4ad2-b4dc-eabae3ff8612}</UniqueIdentifier>
    </Filter>
    <Filter Include="Particle\PEFlash">
      <UniqueIdentifier>{b9697af0-4214-46fe-b9a2-2fabcdefb52a}</UniqueIdentifier>
    </Filter>
    <Filter Include="Particle\PEHealAura">
      <UniqueIdentifier>{9d5da182-3696-4835-84b6-b9d474076dda}</UniqueIdentifier>
    </Filter>
    <Filter Include="Particle\PERoundSparks">
      <UniqueIdentifier>{945c239c-d0fd-4d90-bc69-afc46033b957}</UniqueIdentifier>
    </Filter>
    <Filter Include="Particle\PEShockWave">
      <UniqueIdentifier>{7a803679-24d1-4ecd-9143-ec623351b239}</UniqueIdentifier>
    </Filter>
    <Filter Include="Particle\PEShootMG">
      <UniqueIdentifier>{f4a37a92-a7f2-4134-b7c3-a383c6e0bdf6}</UniqueIdentifier>
    </Filter>
    <Filter Include="Particle\PESmoke">
      <UniqueIdentifier>{63cea7e9-3fac-4327-9921-7c1aab8397fe}</UniqueIdentifier>
    </Filter>
    <Filter Include="Particle\PESparks">
      <UniqueIdentifier>{7857a03b-a63a-4342-a4eb-e70564f11275}</UniqueIdentifier>
    </Filter>
    <Filter Include="Events">
      <UniqueIdentifier>{96b777cb-f463-4bad-a3a1-ffb5bd68ccdf}</UniqueIdentifier>
    </Filter>
    <Filter Include="AI">
      <UniqueIdentifier>{b2539aea-d156-4889-aa79-12c6cb93e27b}</UniqueIdentifier>
    </Filter>
    <Filter Include="AI\BaseEntities">
      <UniqueIdentifier>{670f9ad6-f7ad-4db9-981a-870f52bd0c75}</UniqueIdentifier>
    </Filter>
    <Filter Include="AI\Movement">
      <UniqueIdentifier>{b610b4b7-6fef-4aba-bc57-6f03a9d1991a}</UniqueIdentifier>
    </Filter>
    <Filter Include="AI\Movement\OcTree">
      <UniqueIdentifier>{3445e5b7-03a9-45c1-975a-d6ca029d5005}</UniqueIdentifier>
    </Filter>
    <Filter Include="AI\Goals">
      <UniqueIdentifier>{293211ee-d60b-4b0f-8879-6f4aa1a2b7c8}</UniqueIdentifier>
    </Filter>
    <Filter Include="AI\Goals\Atomic">
      <UniqueIdentifier>{8c6e3587-7b1c-4676-b9f6-d45869753a72}</UniqueIdentifier>
    </Filter>
    <Filter Include="AI\Goals\Composite">
      <UniqueIdentifier>{4ce544bd-46b8-4f09-b2e1-95482ab91e67}</UniqueIdentifier>
    </Filter>
    <Filter Include="AI\Goals\Evaluation">
      <UniqueIdentifier>{f6092538-ec1e-4cb0-b179-7645fd28da62}</UniqueIdentifier>
    </Filter>
    <Filter Include="AI\Targeting">
      <UniqueIdentifier>{eb926976-7b70-493d-a6a2-c79ed62f6027}</UniqueIdentifier>
    </Filter>
    <Filter Include="AI\Triggers">
      <UniqueIdentifier>{dd83813e-5c29-49e1-8f21-1cc93bebf10d}</UniqueIdentifier>
    </Filter>
    <Filter Include="AI\SkillSystem">
      <UniqueIdentifier>{c42db035-1f96-4d9b-b1c3-2c15a931c76a}</UniqueIdentifier>
    </Filter>
    <Filter Include="AI\SkillSystem\Skills">
      <UniqueIdentifier>{2ee9b86a-8a05-4f30-8766-e4d044b0b51a}</UniqueIdentifier>
    </Filter>
    <Filter Include="AI\WeaponSystem">
      <UniqueIdentifier>{e69b5898-bbbc-4060-8eb0-a53dd4193baf}</UniqueIdentifier>
    </Filter>
    <Filter Include="AI\WeaponSystem\Projectiles">
      <UniqueIdentifier>{f7aa7432-dcaa-485b-a362-1f8edd00c151}</UniqueIdentifier>
    </Filter>
    <Filter Include="AI\WeaponSystem\Weapons">
      <UniqueIdentifier>{b97ba456-2322-43db-b3d5-4c5a9b1b6299}</UniqueIdentifier>
    </Filter>
    <Filter Include="AI\Attributes">
      <UniqueIdentifier>{1918e6f0-25d4-490d-a337-b1cb434052c1}</UniqueIdentifier>
    </Filter>
    <Filter Include="AI\Animation">
      <UniqueIdentifier>{efccb9fe-a6aa-4cd5-aee4-dc249338dac6}</UniqueIdentifier>
    </Filter>
    <Filter Include="AI\Misc">
      <UniqueIdentifier>{c6b65b13-b5d4-4d74-9b96-20f9c63d2a96}</UniqueIdentifier>
    </Filter>
    <Filter Include="Scenes\Credits">
      <UniqueIdentifier>{a4751469-6857-4989-8909-7f1f233647c4}</UniqueIdentifier>
    </Filter>
  </ItemGroup>
  <ItemGroup>
    <ClInclude Include="inc\Game\GameState.h">
      <Filter>Gameplay</Filter>
    </ClInclude>
    <ClInclude Include="misc\res\resource.h">
      <Filter>_res</Filter>
    </ClInclude>
    <ClInclude Include="inc\Game\EventUnitSelectionChanged.h">
      <Filter>Events</Filter>
    </ClInclude>
    <ClInclude Include="inc\Game\EnemyBase.h">
      <Filter>Gameplay\GameParts</Filter>
    </ClInclude>
    <ClInclude Include="inc\Game\GamePart.h">
      <Filter>Gameplay\GameParts</Filter>
    </ClInclude>
    <ClInclude Include="inc\Game\PlayerBase.h">
      <Filter>Gameplay\GameParts</Filter>
    </ClInclude>
    <ClInclude Include="inc\Game\EventBotDead.h">
      <Filter>Events</Filter>
    </ClInclude>
    <ClInclude Include="inc\Game\EventHeroEvents.h">
      <Filter>Events</Filter>
    </ClInclude>
    <ClInclude Include="inc\Game\SceneAdrian.h">
      <Filter>Scenes\Test</Filter>
    </ClInclude>
    <ClInclude Include="inc\Game\SceneTim.h">
      <Filter>Scenes\Test</Filter>
    </ClInclude>
    <ClInclude Include="inc\Game\SceneMark.h">
      <Filter>Scenes\Test</Filter>
    </ClInclude>
    <ClInclude Include="inc\Game\SceneLoading.h">
      <Filter>Scenes\Load/Menu</Filter>
    </ClInclude>
    <ClInclude Include="inc\Game\SceneMenuMain.h">
      <Filter>Scenes\Load/Menu</Filter>
    </ClInclude>
    <ClInclude Include="inc\Game\SceneLevel.h">
      <Filter>Scenes\Level</Filter>
    </ClInclude>
    <ClInclude Include="inc\Game\GD.h" />
    <ClInclude Include="inc\Game\Cheater.h">
      <Filter>Gameplay\Debug</Filter>
    </ClInclude>
    <ClInclude Include="inc\Game\DebugConsole.h">
      <Filter>Gameplay\Debug</Filter>
    </ClInclude>
    <ClInclude Include="inc\Game\Announcer.h">
      <Filter>Gameplay\Extensions</Filter>
    </ClInclude>
    <ClInclude Include="inc\Game\GameHud.h">
      <Filter>Gameplay\Extensions</Filter>
    </ClInclude>
    <ClInclude Include="inc\Game\ProjectileManager.h">
      <Filter>Gameplay\Extensions</Filter>
    </ClInclude>
    <ClInclude Include="inc\Game\TikiBotFactory.h">
      <Filter>Gameplay\Extensions</Filter>
    </ClInclude>
    <ClInclude Include="inc\Game\UnitSelection.h">
      <Filter>Gameplay\Extensions</Filter>
    </ClInclude>
    <ClInclude Include="inc\Game\CameraFly.h">
      <Filter>Scripts</Filter>
    </ClInclude>
    <ClInclude Include="inc\Game\CameraRTS.h">
      <Filter>Scripts</Filter>
    </ClInclude>
    <ClInclude Include="inc\Game\CameraTPS.h">
      <Filter>Scripts</Filter>
    </ClInclude>
    <ClInclude Include="inc\Game\PPBlur.h">
      <Filter>Effects</Filter>
    </ClInclude>
    <ClInclude Include="inc\Game\PPScreenSpaceAmbientOcclusion.h">
      <Filter>Effects</Filter>
    </ClInclude>
    <ClInclude Include="inc\Game\PPDepthOfField.h">
      <Filter>Effects</Filter>
    </ClInclude>
    <ClInclude Include="inc\Game\PPFogOfWar.h">
      <Filter>Effects</Filter>
    </ClInclude>
    <ClInclude Include="inc\Game\BasicDatabase.h">
      <Filter>Level</Filter>
    </ClInclude>
    <ClInclude Include="inc\Game\LevelPoint.h">
      <Filter>Level</Filter>
    </ClInclude>
    <ClInclude Include="inc\Game\BasicTransform.h">
      <Filter>Level</Filter>
    </ClInclude>
    <ClInclude Include="inc\Game\Level.h">
      <Filter>Level</Filter>
    </ClInclude>
    <ClInclude Include="inc\Game\LevelObject.h">
      <Filter>Level</Filter>
    </ClInclude>
    <ClInclude Include="inc\Game\PEBlood.h">
      <Filter>Particle\PEBlood</Filter>
    </ClInclude>
    <ClInclude Include="inc\Game\PEDebris.h">
      <Filter>Particle\PEDebris</Filter>
    </ClInclude>
    <ClInclude Include="inc\Game\PEExplosion.h">
      <Filter>Particle\PEExplosion</Filter>
    </ClInclude>
    <ClInclude Include="inc\Game\PEFire.h">
      <Filter>Particle\PEFire</Filter>
    </ClInclude>
    <ClInclude Include="inc\Game\PEFlash.h">
      <Filter>Particle\PEFlash</Filter>
    </ClInclude>
    <ClInclude Include="inc\Game\PEHealAura.h">
      <Filter>Particle\PEHealAura</Filter>
    </ClInclude>
    <ClInclude Include="inc\Game\PERoundSparks.h">
      <Filter>Particle\PERoundSparks</Filter>
    </ClInclude>
    <ClInclude Include="inc\Game\PEShockWave.h">
      <Filter>Particle\PEShockWave</Filter>
    </ClInclude>
    <ClInclude Include="inc\Game\PEShootMG.h">
      <Filter>Particle\PEShootMG</Filter>
    </ClInclude>
    <ClInclude Include="inc\Game\PESmoke.h">
      <Filter>Particle\PESmoke</Filter>
    </ClInclude>
    <ClInclude Include="inc\Game\PESparks.h">
      <Filter>Particle\PESparks</Filter>
    </ClInclude>
    <ClInclude Include="inc\Game\Attributes.h">
      <Filter>AI\Attributes</Filter>
    </ClInclude>
    <ClInclude Include="inc\Game\TikiAttModifier.h">
      <Filter>AI\Attributes</Filter>
    </ClInclude>
    <ClInclude Include="inc\Game\AttributeSystem.h">
      <Filter>AI\Attributes</Filter>
    </ClInclude>
    <ClInclude Include="inc\Game\TikiAtt.h">
      <Filter>AI\Attributes</Filter>
    </ClInclude>
    <ClInclude Include="inc\Game\BaseGameEntity.h">
      <Filter>AI\BaseEntities</Filter>
    </ClInclude>
    <ClInclude Include="inc\Game\MovingEntity.h">
      <Filter>AI\BaseEntities</Filter>
    </ClInclude>
    <ClInclude Include="inc\Game\EntityManager.h">
      <Filter>AI\BaseEntities</Filter>
    </ClInclude>
    <ClInclude Include="inc\Game\Goal.h">
      <Filter>AI\Goals\Atomic</Filter>
    </ClInclude>
    <ClInclude Include="inc\Game\GoalWander.h">
      <Filter>AI\Goals\Atomic</Filter>
    </ClInclude>
    <ClInclude Include="inc\Game\GoalSeekToPosition.h">
      <Filter>AI\Goals\Atomic</Filter>
    </ClInclude>
    <ClInclude Include="inc\Game\GoalTraverseEdge.h">
      <Filter>AI\Goals\Atomic</Filter>
    </ClInclude>
    <ClInclude Include="inc\Game\GoalAttackGlobalTarget.h">
      <Filter>AI\Goals\Composite</Filter>
    </ClInclude>
    <ClInclude Include="inc\Game\GoalThink.h">
      <Filter>AI\Goals\Composite</Filter>
    </ClInclude>
    <ClInclude Include="inc\Game\GoalAttackMove.h">
      <Filter>AI\Goals\Composite</Filter>
    </ClInclude>
    <ClInclude Include="inc\Game\GoalAttackTarget.h">
      <Filter>AI\Goals\Composite</Filter>
    </ClInclude>
    <ClInclude Include="inc\Game\GoalComposite.h">
      <Filter>AI\Goals\Composite</Filter>
    </ClInclude>
    <ClInclude Include="inc\Game\GoalExplore.h">
      <Filter>AI\Goals\Composite</Filter>
    </ClInclude>
    <ClInclude Include="inc\Game\GoalFollowPath.h">
      <Filter>AI\Goals\Composite</Filter>
    </ClInclude>
    <ClInclude Include="inc\Game\GoalHuntTarget.h">
      <Filter>AI\Goals\Composite</Filter>
    </ClInclude>
    <ClInclude Include="inc\Game\GoalMoveToPosition.h">
      <Filter>AI\Goals\Composite</Filter>
    </ClInclude>
    <ClInclude Include="inc\Game\GoalPatrol.h">
      <Filter>AI\Goals\Composite</Filter>
    </ClInclude>
    <ClInclude Include="inc\Game\AttackTargetGoalEvaluator.h">
      <Filter>AI\Goals\Evaluation</Filter>
    </ClInclude>
    <ClInclude Include="inc\Game\PatrolGoalEvaluator.h">
      <Filter>AI\Goals\Evaluation</Filter>
    </ClInclude>
    <ClInclude Include="inc\Game\ExploreGoalEvaluator.h">
      <Filter>AI\Goals\Evaluation</Filter>
    </ClInclude>
    <ClInclude Include="inc\Game\GoalEvaluator.h">
      <Filter>AI\Goals\Evaluation</Filter>
    </ClInclude>
    <ClInclude Include="inc\Game\GoalTypes.h">
      <Filter>AI\Goals</Filter>
    </ClInclude>
    <ClInclude Include="inc\Game\BoxSide.h">
      <Filter>AI\Movement\OcTree</Filter>
    </ClInclude>
    <ClInclude Include="inc\Game\VoidList.h">
      <Filter>AI\Movement\OcTree</Filter>
    </ClInclude>
    <ClInclude Include="inc\Game\OcTree.h">
      <Filter>AI\Movement\OcTree</Filter>
    </ClInclude>
    <ClInclude Include="inc\Game\TriBox.h">
      <Filter>AI\Movement\OcTree</Filter>
    </ClInclude>
    <ClInclude Include="inc\Game\CellSpacePartition.h">
      <Filter>AI\Movement</Filter>
    </ClInclude>
    <ClInclude Include="inc\Game\TikiSteering.h">
      <Filter>AI\Movement</Filter>
    </ClInclude>
    <ClInclude Include="inc\Game\NavigationCell.h">
      <Filter>AI\Movement</Filter>
    </ClInclude>
    <ClInclude Include="inc\Game\NavigationHeap.h">
      <Filter>AI\Movement</Filter>
    </ClInclude>
    <ClInclude Include="inc\Game\NavigationMesh.h">
      <Filter>AI\Movement</Filter>
    </ClInclude>
    <ClInclude Include="inc\Game\NavigationPath.h">
      <Filter>AI\Movement</Filter>
    </ClInclude>
    <ClInclude Include="inc\Game\PathEdge.h">
      <Filter>AI\Movement</Filter>
    </ClInclude>
    <ClInclude Include="inc\Game\PathPlanner.h">
      <Filter>AI\Movement</Filter>
    </ClInclude>
    <ClInclude Include="inc\Game\SkillFlash.h">
      <Filter>AI\SkillSystem\Skills</Filter>
    </ClInclude>
    <ClInclude Include="inc\Game\SkillSpiderMine.h">
      <Filter>AI\SkillSystem\Skills</Filter>
    </ClInclude>
    <ClInclude Include="inc\Game\SkillHealAura.h">
      <Filter>AI\SkillSystem\Skills</Filter>
    </ClInclude>
    <ClInclude Include="inc\Game\SkillRocket.h">
      <Filter>AI\SkillSystem\Skills</Filter>
    </ClInclude>
    <ClInclude Include="inc\Game\Skill.h">
      <Filter>AI\SkillSystem</Filter>
    </ClInclude>
    <ClInclude Include="inc\Game\SkillSystem.h">
      <Filter>AI\SkillSystem</Filter>
    </ClInclude>
    <ClInclude Include="inc\Game\SensorMemory.h">
      <Filter>AI\Targeting</Filter>
    </ClInclude>
    <ClInclude Include="inc\Game\TargetingSystem.h">
      <Filter>AI\Targeting</Filter>
    </ClInclude>
    <ClInclude Include="inc\Game\Trigger.h">
      <Filter>AI\Triggers</Filter>
    </ClInclude>
    <ClInclude Include="inc\Game\Bullet.h">
      <Filter>AI\WeaponSystem\Projectiles</Filter>
    </ClInclude>
    <ClInclude Include="inc\Game\Rocket.h">
      <Filter>AI\WeaponSystem\Projectiles</Filter>
    </ClInclude>
    <ClInclude Include="inc\Game\Projectile.h">
      <Filter>AI\WeaponSystem\Projectiles</Filter>
    </ClInclude>
    <ClInclude Include="inc\Game\MachineGun.h">
      <Filter>AI\WeaponSystem\Weapons</Filter>
    </ClInclude>
    <ClInclude Include="inc\Game\Weapon.h">
      <Filter>AI\WeaponSystem\Weapons</Filter>
    </ClInclude>
    <ClInclude Include="inc\Game\WeaponSystem.h">
      <Filter>AI\WeaponSystem</Filter>
    </ClInclude>
    <ClInclude Include="inc\Game\BotRemove.h">
      <Filter>AI\Misc</Filter>
    </ClInclude>
    <ClInclude Include="inc\Game\Regulator.h">
      <Filter>AI\Misc</Filter>
    </ClInclude>
    <ClInclude Include="inc\Game\Utils.h">
      <Filter>AI\Misc</Filter>
    </ClInclude>
    <ClInclude Include="inc\Game\BuildSlot.h">
      <Filter>AI</Filter>
    </ClInclude>
    <ClInclude Include="inc\Game\TikiBot.h">
      <Filter>AI</Filter>
    </ClInclude>
    <ClInclude Include="inc\Game\AnimationHandler.h">
      <Filter>AI\Animation</Filter>
    </ClInclude>
    <ClInclude Include="inc\Game\SceneCredits.h">
      <Filter>Scenes\Credits</Filter>
    </ClInclude>
    <ClInclude Include="inc\Game\SceneThomas.h">
      <Filter>Scenes\Test</Filter>
    </ClInclude>
  </ItemGroup>
  <ItemGroup>
    <ClCompile Include="src\Game\CameraFly.cpp">
      <Filter>Scripts</Filter>
    </ClCompile>
    <ClCompile Include="src\Game\PPBlur.cpp">
      <Filter>Effects</Filter>
    </ClCompile>
    <ClCompile Include="src\Game\PPScreenSpaceAmbientOcclusion.cpp">
      <Filter>Effects</Filter>
    </ClCompile>
    <ClCompile Include="src\Game\CameraRTS.cpp">
      <Filter>Scripts</Filter>
    </ClCompile>
    <ClCompile Include="src\Game\BaseGameEntity.cpp">
      <Filter>AI\BaseEntities</Filter>
    </ClCompile>
    <ClCompile Include="src\Game\MovingEntity.cpp">
      <Filter>AI\BaseEntities</Filter>
    </ClCompile>
    <ClCompile Include="src\Game\EntityManager.cpp">
      <Filter>AI\BaseEntities</Filter>
    </ClCompile>
    <ClCompile Include="src\Game\TikiBot.cpp">
      <Filter>AI</Filter>
    </ClCompile>
    <ClCompile Include="src\Game\TikiSteering.cpp">
      <Filter>AI\Movement</Filter>
    </ClCompile>
    <ClCompile Include="src\Game\NavigationCell.cpp">
      <Filter>AI\Movement</Filter>
    </ClCompile>
    <ClCompile Include="src\Game\NavigationHeap.cpp">
      <Filter>AI\Movement</Filter>
    </ClCompile>
    <ClCompile Include="src\Game\NavigationMesh.cpp">
      <Filter>AI\Movement</Filter>
    </ClCompile>
    <ClCompile Include="src\Game\NavigationPath.cpp">
      <Filter>AI\Movement</Filter>
    </ClCompile>
    <ClCompile Include="src\Game\VoidList.cpp">
      <Filter>AI\Movement\OcTree</Filter>
    </ClCompile>
    <ClCompile Include="src\Game\OcTree.cpp">
      <Filter>AI\Movement\OcTree</Filter>
    </ClCompile>
    <ClCompile Include="src\Game\TriBox.cpp">
      <Filter>AI\Movement\OcTree</Filter>
    </ClCompile>
    <ClCompile Include="src\Game\BoxSide.cpp">
      <Filter>AI\Movement\OcTree</Filter>
    </ClCompile>
    <ClCompile Include="src\Game\GoalThink.cpp">
      <Filter>AI\Goals\Composite</Filter>
    </ClCompile>
    <ClCompile Include="src\Game\GoalWander.cpp">
      <Filter>AI\Goals\Atomic</Filter>
    </ClCompile>
    <ClCompile Include="src\Game\GoalSeekToPosition.cpp">
      <Filter>AI\Goals\Atomic</Filter>
    </ClCompile>
    <ClCompile Include="src\Game\GoalTraverseEdge.cpp">
      <Filter>AI\Goals\Atomic</Filter>
    </ClCompile>
    <ClCompile Include="src\Game\GoalFollowPath.cpp">
      <Filter>AI\Goals\Composite</Filter>
    </ClCompile>
    <ClCompile Include="src\Game\GoalMoveToPosition.cpp">
      <Filter>AI\Goals\Composite</Filter>
    </ClCompile>
    <ClCompile Include="src\Game\SensorMemory.cpp">
      <Filter>AI\Targeting</Filter>
    </ClCompile>
    <ClCompile Include="src\Game\TargetingSystem.cpp">
      <Filter>AI\Targeting</Filter>
    </ClCompile>
    <ClCompile Include="src\Game\GoalHuntTarget.cpp">
      <Filter>AI\Goals\Composite</Filter>
    </ClCompile>
    <ClCompile Include="src\Game\GoalExplore.cpp">
      <Filter>AI\Goals\Composite</Filter>
    </ClCompile>
    <ClCompile Include="src\Game\GoalAttackTarget.cpp">
      <Filter>AI\Goals\Composite</Filter>
    </ClCompile>
    <ClCompile Include="src\Game\ExploreGoalEvaluator.cpp">
      <Filter>AI\Goals\Evaluation</Filter>
    </ClCompile>
    <ClCompile Include="src\Game\AttackTargetGoalEvaluator.cpp">
      <Filter>AI\Goals\Evaluation</Filter>
    </ClCompile>
    <ClCompile Include="src\Game\GoalAttackMove.cpp">
      <Filter>AI\Goals\Composite</Filter>
    </ClCompile>
    <ClCompile Include="src\Game\GoalPatrol.cpp">
      <Filter>AI\Goals\Composite</Filter>
    </ClCompile>
    <ClCompile Include="src\Game\PatrolGoalEvaluator.cpp">
      <Filter>AI\Goals\Evaluation</Filter>
    </ClCompile>
    <ClCompile Include="src\Game\Weapon.cpp">
      <Filter>AI\WeaponSystem\Weapons</Filter>
    </ClCompile>
    <ClCompile Include="src\Game\Projectile.cpp">
      <Filter>AI\WeaponSystem\Projectiles</Filter>
    </ClCompile>
    <ClCompile Include="src\Game\MachineGun.cpp">
      <Filter>AI\WeaponSystem\Weapons</Filter>
    </ClCompile>
    <ClCompile Include="src\Game\Bullet.cpp">
      <Filter>AI\WeaponSystem\Projectiles</Filter>
    </ClCompile>
    <ClCompile Include="src\Game\WeaponSystem.cpp">
      <Filter>AI\WeaponSystem</Filter>
    </ClCompile>
    <ClCompile Include="inc\Game\GoalAttackGlobalTarget.cpp">
      <Filter>AI\Goals\Composite</Filter>
    </ClCompile>
    <ClCompile Include="src\Game\Trigger.cpp">
      <Filter>AI\Triggers</Filter>
    </ClCompile>
    <ClCompile Include="src\Game\DatabaseLevel.cpp">
      <Filter>Level</Filter>
    </ClCompile>
    <ClCompile Include="src\Game\PPFogOfWar.cpp">
      <Filter>Effects</Filter>
    </ClCompile>
    <ClCompile Include="src\Game\BuildSlot.cpp">
      <Filter>AI</Filter>
    </ClCompile>
    <ClCompile Include="src\Game\Rocket.cpp">
      <Filter>AI\WeaponSystem\Projectiles</Filter>
    </ClCompile>
    <ClCompile Include="src\Game\SkillSystem.cpp">
      <Filter>AI\SkillSystem</Filter>
    </ClCompile>
    <ClCompile Include="src\Game\Skill.cpp">
      <Filter>AI\SkillSystem</Filter>
    </ClCompile>
    <ClCompile Include="src\Game\AttributeSystem.cpp">
      <Filter>AI\Attributes</Filter>
    </ClCompile>
    <ClCompile Include="src\Game\PPDepthOfField.cpp">
      <Filter>Effects</Filter>
    </ClCompile>
    <ClCompile Include="src\Game\PathPlanner.cpp">
      <Filter>AI\Movement</Filter>
    </ClCompile>
    <ClCompile Include="src\Game\CameraTPS.cpp">
      <Filter>Scripts</Filter>
    </ClCompile>
    <ClCompile Include="src\Game\SceneMenuMain.cpp">
      <Filter>Scenes\Load/Menu</Filter>
    </ClCompile>
    <ClCompile Include="src\Game\SceneLevel.cpp">
      <Filter>Scenes\Level</Filter>
    </ClCompile>
    <ClCompile Include="inc\Game\SceneLoading.cpp">
      <Filter>Scenes\Load/Menu</Filter>
    </ClCompile>
    <ClCompile Include="src\Game\SceneAdrian.cpp">
      <Filter>Scenes\Test</Filter>
    </ClCompile>
    <ClCompile Include="src\Game\SceneTim.cpp">
      <Filter>Scenes\Test</Filter>
    </ClCompile>
    <ClCompile Include="src\Game\SceneMark.cpp">
      <Filter>Scenes\Test</Filter>
    </ClCompile>
    <ClCompile Include="src\Game\Main.cpp" />
    <ClCompile Include="src\Game\DebugConsole.cpp">
      <Filter>Gameplay\Debug</Filter>
    </ClCompile>
    <ClCompile Include="src\Game\Cheater.cpp">
      <Filter>Gameplay\Debug</Filter>
    </ClCompile>
    <ClCompile Include="src\Game\UnitSelection.cpp">
      <Filter>Gameplay\Extensions</Filter>
    </ClCompile>
    <ClCompile Include="src\Game\TikiBotFactory.cpp">
      <Filter>Gameplay\Extensions</Filter>
    </ClCompile>
    <ClCompile Include="src\Game\ProjectileManager.cpp">
      <Filter>Gameplay\Extensions</Filter>
    </ClCompile>
    <ClCompile Include="src\Game\GameHud.cpp">
      <Filter>Gameplay\Extensions</Filter>
    </ClCompile>
    <ClCompile Include="src\Game\Announcer.cpp">
      <Filter>Gameplay\Extensions</Filter>
    </ClCompile>
    <ClCompile Include="src\Game\GameParts.cpp">
      <Filter>Gameplay\GameParts</Filter>
    </ClCompile>
    <ClCompile Include="src\Game\GameState.cpp">
      <Filter>Gameplay</Filter>
    </ClCompile>
    <ClCompile Include="src\Game\PEBlood.cpp">
      <Filter>Particle\PEBlood</Filter>
    </ClCompile>
    <ClCompile Include="src\Game\PEDebris.cpp">
      <Filter>Particle\PEDebris</Filter>
    </ClCompile>
    <ClCompile Include="src\Game\PEExplosion.cpp">
      <Filter>Particle\PEExplosion</Filter>
    </ClCompile>
    <ClCompile Include="src\Game\PEFire.cpp">
      <Filter>Particle\PEFire</Filter>
    </ClCompile>
    <ClCompile Include="src\Game\PEFlash.cpp">
      <Filter>Particle\PEFlash</Filter>
    </ClCompile>
    <ClCompile Include="src\Game\PEHealAura.cpp">
      <Filter>Particle\PEHealAura</Filter>
    </ClCompile>
    <ClCompile Include="src\Game\PERoundSparks.cpp">
      <Filter>Particle\PERoundSparks</Filter>
    </ClCompile>
    <ClCompile Include="src\Game\PEShockWave.cpp">
      <Filter>Particle\PEShockWave</Filter>
    </ClCompile>
    <ClCompile Include="src\Game\PEShootMG.cpp">
      <Filter>Particle\PEShootMG</Filter>
    </ClCompile>
    <ClCompile Include="src\Game\PESmoke.cpp">
      <Filter>Particle\PESmoke</Filter>
    </ClCompile>
    <ClCompile Include="src\Game\PESparks.cpp">
      <Filter>Particle\PESparks</Filter>
    </ClCompile>
    <ClCompile Include="src\Game\SkillFlash.cpp">
      <Filter>AI\SkillSystem\Skills</Filter>
    </ClCompile>
    <ClCompile Include="src\Game\SkillSpiderMine.cpp">
      <Filter>AI\SkillSystem\Skills</Filter>
    </ClCompile>
    <ClCompile Include="src\Game\SkillHealAura.cpp">
      <Filter>AI\SkillSystem\Skills</Filter>
    </ClCompile>
    <ClCompile Include="src\Game\SkillRocket.cpp">
      <Filter>AI\SkillSystem\Skills</Filter>
    </ClCompile>
    <ClCompile Include="src\Game\BotRemove.cpp">
      <Filter>AI\Misc</Filter>
    </ClCompile>
    <ClCompile Include="src\Game\Regulator.cpp">
      <Filter>AI\Misc</Filter>
    </ClCompile>
    <ClCompile Include="src\Game\AnimationHandler.cpp">
      <Filter>AI\Animation</Filter>
    </ClCompile>
    <ClCompile Include="src\Game\SceneCredits.cpp">
      <Filter>Scenes\Credits</Filter>
    </ClCompile>
    <ClCompile Include="src\Game\SceneThomas.cpp">
      <Filter>Scenes\Test</Filter>
    </ClCompile>
  </ItemGroup>
  <ItemGroup>
    <None Include="misc\res\icon.ico">
      <Filter>_res</Filter>
    </None>
  </ItemGroup>
  <ItemGroup>
    <ResourceCompile Include="misc\res\resources.rc">
      <Filter>_res</Filter>
    </ResourceCompile>
  </ItemGroup>
</Project>