<?xml version="1.0" encoding="utf-8"?>
<Project ToolsVersion="4.0" xmlns="http://schemas.microsoft.com/developer/msbuild/2003">
  <ItemGroup>
    <Filter Include="Quelldateien">
      <UniqueIdentifier>{4FC737F1-C7A5-4376-A066-2A32D752A2FF}</UniqueIdentifier>
      <Extensions>cpp;c;cc;cxx;def;odl;idl;hpj;bat;asm;asmx</Extensions>
    </Filter>
    <Filter Include="Headerdateien">
      <UniqueIdentifier>{93995380-89BD-4b04-88EB-625FBE52EBFB}</UniqueIdentifier>
      <Extensions>h;hpp;hxx;hm;inl;inc;xsd</Extensions>
    </Filter>
    <Filter Include="Headerdateien\Engine">
      <UniqueIdentifier>{efcc6767-8e0d-487b-b010-16699e4b9001}</UniqueIdentifier>
    </Filter>
    <Filter Include="Headerdateien\Core">
      <UniqueIdentifier>{2186df8e-ed7d-4a95-8b5e-27a20d62d2d4}</UniqueIdentifier>
    </Filter>
    <Filter Include="Headerdateien\Core\Math">
      <UniqueIdentifier>{97395375-7f76-4ddc-8014-13c9b834bb26}</UniqueIdentifier>
    </Filter>
    <Filter Include="Headerdateien\Core\List">
      <UniqueIdentifier>{ee5b6dd6-afaa-4ab7-ab10-d5a7ef654c07}</UniqueIdentifier>
    </Filter>
    <Filter Include="Quelldateien\Core">
      <UniqueIdentifier>{46eb0964-ee28-4748-8abb-e47650a0a801}</UniqueIdentifier>
    </Filter>
    <Filter Include="Quelldateien\Core\Math">
      <UniqueIdentifier>{c98a007c-6b2e-447e-b89a-9bad18d4fb55}</UniqueIdentifier>
    </Filter>
    <Filter Include="Quelldateien\Engine">
      <UniqueIdentifier>{40b0c0a4-f782-44bb-9b9b-20dbcd2e2746}</UniqueIdentifier>
    </Filter>
    <Filter Include="Headerdateien\Core\Descriptions">
      <UniqueIdentifier>{658fb262-4766-4655-a056-d78021dd6f65}</UniqueIdentifier>
    </Filter>
    <Filter Include="Headerdateien\Engine\Static">
      <UniqueIdentifier>{e53c7935-23fd-4c2e-bc23-376d950a59b8}</UniqueIdentifier>
    </Filter>
    <Filter Include="Headerdateien\Engine\Modules">
      <UniqueIdentifier>{d3d3141a-50df-4343-aa0f-f6f628087ea5}</UniqueIdentifier>
    </Filter>
    <Filter Include="Headerdateien\Core\Graphics">
      <UniqueIdentifier>{4017730b-2b4a-4fab-81b9-a863c67082fc}</UniqueIdentifier>
    </Filter>
    <Filter Include="Headerdateien\Core\Components">
      <UniqueIdentifier>{4f1acbf8-fec5-4b04-8ff7-0baada5080d0}</UniqueIdentifier>
    </Filter>
    <Filter Include="Headerdateien\Engine\Components">
      <UniqueIdentifier>{bbc58230-b969-45fa-8986-b0055ced6fcf}</UniqueIdentifier>
    </Filter>
    <Filter Include="Headerdateien\Engine\GameObjects">
      <UniqueIdentifier>{81c6535b-6480-4ac5-ab9e-c88a4426e7d0}</UniqueIdentifier>
    </Filter>
    <Filter Include="Quelldateien\Engine\Static">
      <UniqueIdentifier>{f0878656-490e-4e7e-8561-83dd08592719}</UniqueIdentifier>
    </Filter>
    <Filter Include="Quelldateien\Engine\Modules">
      <UniqueIdentifier>{96fde335-370e-4b58-9a27-d8a18f2ddbba}</UniqueIdentifier>
    </Filter>
    <Filter Include="Quelldateien\Engine\GameObjects">
      <UniqueIdentifier>{6e7d7e19-e530-4338-a273-c977d5eb23f1}</UniqueIdentifier>
    </Filter>
    <Filter Include="Headerdateien\Core\Vertex">
      <UniqueIdentifier>{ff531a00-c424-432b-8150-af7fa5a9beef}</UniqueIdentifier>
    </Filter>
    <Filter Include="Quelldateien\Core\Graphics">
      <UniqueIdentifier>{d5e4ab7f-87e8-4eaf-8c0e-72521b77253f}</UniqueIdentifier>
    </Filter>
    <Filter Include="Quelldateien\Core\Vertex">
      <UniqueIdentifier>{e4c0eb3b-439a-4255-b8ef-a51ce6d823f5}</UniqueIdentifier>
    </Filter>
    <Filter Include="Quelldateien\Engine\Components">
      <UniqueIdentifier>{6c6f3071-0261-42e8-b8dd-6fb190c67203}</UniqueIdentifier>
    </Filter>
    <Filter Include="Headerdateien\Core\Args/States">
      <UniqueIdentifier>{bdc712d0-b742-40b9-9b6d-a8bc9f281755}</UniqueIdentifier>
    </Filter>
    <Filter Include="Headerdateien\Interfaces">
      <UniqueIdentifier>{2ded2737-277b-45af-8c66-93baa7bfb5c8}</UniqueIdentifier>
    </Filter>
    <Filter Include="Headerdateien\Interfaces\Modules">
      <UniqueIdentifier>{0be57129-1b5a-4055-aa5c-d17170b1e4bb}</UniqueIdentifier>
    </Filter>
    <Filter Include="Headerdateien\Interfaces\Resources">
      <UniqueIdentifier>{3a084f55-a415-4bf2-821b-173f048d599d}</UniqueIdentifier>
    </Filter>
    <Filter Include="Headerdateien\Core\I/O">
      <UniqueIdentifier>{7a69854d-bf33-4563-85d0-ca9224470ab0}</UniqueIdentifier>
    </Filter>
    <Filter Include="Quelldateien\Core\I/O">
      <UniqueIdentifier>{52568701-fac1-47d5-82bf-9060f7a5e09e}</UniqueIdentifier>
    </Filter>
    <Filter Include="Quelldateien\Core\Resources">
      <UniqueIdentifier>{c39f976e-b6f1-48d2-b284-2b8809b90e9f}</UniqueIdentifier>
    </Filter>
    <Filter Include="Headerdateien\Engine\GameObjects\Basic">
      <UniqueIdentifier>{200d2000-146e-40b6-8320-449acaa72980}</UniqueIdentifier>
    </Filter>
    <Filter Include="Headerdateien\Engine\GameObjects\Debug">
      <UniqueIdentifier>{fada5754-6a9b-4785-bf4c-6b9b5a9c69c1}</UniqueIdentifier>
    </Filter>
    <Filter Include="Quelldateien\Engine\GameObjects\Basic">
      <UniqueIdentifier>{525a7a6e-9ebe-4c79-af72-43ca91d6da0a}</UniqueIdentifier>
    </Filter>
    <Filter Include="Quelldateien\Engine\GameObjects\Debug">
      <UniqueIdentifier>{11639179-7cc6-4e65-be2f-f8a2ff95ecac}</UniqueIdentifier>
    </Filter>
    <Filter Include="Headerdateien\Core\Enums">
      <UniqueIdentifier>{26c927ee-d8eb-4093-a551-da26e03774fc}</UniqueIdentifier>
    </Filter>
    <Filter Include="Headerdateien\Interfaces\Components">
      <UniqueIdentifier>{35691f97-e12e-47cf-96de-5fcb37de75a8}</UniqueIdentifier>
    </Filter>
  </ItemGroup>
  <ItemGroup>
    <ClCompile Include="src\Core\Vector2.cpp">
      <Filter>Quelldateien\Core\Math</Filter>
    </ClCompile>
    <ClCompile Include="src\Core\Vector4.cpp">
      <Filter>Quelldateien\Core\Math</Filter>
    </ClCompile>
    <ClCompile Include="src\Core\Vector3.cpp">
      <Filter>Quelldateien\Core\Math</Filter>
    </ClCompile>
    <ClCompile Include="src\Core\Transform.cpp">
      <Filter>Quelldateien\Core\Math</Filter>
    </ClCompile>
    <ClCompile Include="src\Core\Matrix3x3.cpp">
      <Filter>Quelldateien\Core\Math</Filter>
    </ClCompile>
    <ClCompile Include="src\Core\Matrix2x2.cpp">
      <Filter>Quelldateien\Core\Math</Filter>
    </ClCompile>
    <ClCompile Include="src\Core\Matrix.cpp">
      <Filter>Quelldateien\Core\Math</Filter>
    </ClCompile>
    <ClCompile Include="src\Core\Engine.cpp">
      <Filter>Quelldateien\Engine</Filter>
    </ClCompile>
    <ClCompile Include="src\Core\Console.cpp">
      <Filter>Quelldateien\Engine\Static</Filter>
    </ClCompile>
    <ClCompile Include="src\Core\Material.cpp">
      <Filter>Quelldateien\Core\Graphics</Filter>
    </ClCompile>
    <ClCompile Include="src\Core\Quaternion.cpp">
      <Filter>Quelldateien\Core\Math</Filter>
    </ClCompile>
    <ClCompile Include="src\Core\DefaultVertex.cpp">
      <Filter>Quelldateien\Core\Vertex</Filter>
    </ClCompile>
    <ClCompile Include="src\Core\PostProcessVertex.cpp">
      <Filter>Quelldateien\Core\Vertex</Filter>
    </ClCompile>
    <ClCompile Include="src\Core\SimpleVertex.cpp">
      <Filter>Quelldateien\Core\Vertex</Filter>
    </ClCompile>
    <ClCompile Include="src\Core\Camera.cpp">
      <Filter>Quelldateien\Engine\Components</Filter>
    </ClCompile>
    <ClCompile Include="src\Core\Window.cpp">
      <Filter>Quelldateien\Engine\Modules</Filter>
    </ClCompile>
    <ClCompile Include="src\Core\LibraryManager.cpp">
      <Filter>Quelldateien\Engine\Modules</Filter>
    </ClCompile>
    <ClCompile Include="src\Core\GameObject.cpp">
      <Filter>Quelldateien\Engine\GameObjects</Filter>
    </ClCompile>
    <ClCompile Include="src\Core\Scene.cpp">
      <Filter>Quelldateien\Engine</Filter>
    </ClCompile>
    <ClCompile Include="src\Core\FileStream.cpp">
      <Filter>Quelldateien\Core\I/O</Filter>
    </ClCompile>
    <ClCompile Include="src\Core\TypeGlobals.cpp">
      <Filter>Quelldateien</Filter>
    </ClCompile>
    <ClCompile Include="src\Core\IResource.cpp">
      <Filter>Quelldateien\Core\Resources</Filter>
    </ClCompile>
    <ClCompile Include="src\Core\Mesh.cpp">
      <Filter>Quelldateien\Core\Resources</Filter>
    </ClCompile>
    <ClCompile Include="src\Core\MeshIndexed.cpp">
      <Filter>Quelldateien\Core\Resources</Filter>
    </ClCompile>
    <ClCompile Include="src\Core\HelperPath.cpp">
      <Filter>Quelldateien\Engine\Static</Filter>
    </ClCompile>
    <ClCompile Include="src\Core\Color.cpp">
      <Filter>Quelldateien\Core\Graphics</Filter>
    </ClCompile>
    <ClCompile Include="src\Core\Light.cpp">
      <Filter>Quelldateien\Engine\Components</Filter>
    </ClCompile>
    <ClCompile Include="src\Core\CameraObject.cpp">
      <Filter>Quelldateien\Engine\GameObjects\Basic</Filter>
    </ClCompile>
    <ClCompile Include="src\Core\QuadObject.cpp">
      <Filter>Quelldateien\Engine\GameObjects\Basic</Filter>
    </ClCompile>
    <ClCompile Include="src\Core\LightObject.cpp">
      <Filter>Quelldateien\Engine\GameObjects\Basic</Filter>
    </ClCompile>
    <ClCompile Include="src\Core\MeshObject.cpp">
      <Filter>Quelldateien\Engine\GameObjects\Basic</Filter>
    </ClCompile>
    <ClCompile Include="src\Core\DebugPhysicsRenderer.cpp">
      <Filter>Quelldateien\Engine\GameObjects\Debug</Filter>
    </ClCompile>
    <ClCompile Include="src\Core\ColorVertex.cpp">
      <Filter>Quelldateien\Core\Vertex</Filter>
    </ClCompile>
    <ClCompile Include="src\Core\PostProcess.cpp">
      <Filter>Quelldateien\Core\Graphics</Filter>
    </ClCompile>
    <ClCompile Include="src\Core\PostProcessPass.cpp">
      <Filter>Quelldateien\Core\Graphics</Filter>
    </ClCompile>
    <ClCompile Include="src\Core\TikiObject.cpp">
      <Filter>Quelldateien</Filter>
    </ClCompile>
  </ItemGroup>
  <ItemGroup>
    <ClInclude Include="inc\Core\Dictionary.h">
      <Filter>Headerdateien\Core\List</Filter>
    </ClInclude>
    <ClInclude Include="inc\Core\EngineDescription.h">
      <Filter>Headerdateien\Core\Descriptions</Filter>
    </ClInclude>
    <ClInclude Include="inc\Core\Engine.h">
      <Filter>Headerdateien\Engine</Filter>
    </ClInclude>
    <ClInclude Include="inc\Core\GraphicsDescription.h">
      <Filter>Headerdateien\Core\Descriptions</Filter>
    </ClInclude>
    <ClInclude Include="inc\Core\KeyValuePair.h">
      <Filter>Headerdateien\Core\List</Filter>
    </ClInclude>
    <ClInclude Include="inc\Core\List.h">
      <Filter>Headerdateien\Core\List</Filter>
    </ClInclude>
    <ClInclude Include="inc\Core\Matrix.h">
      <Filter>Headerdateien\Core\Math</Filter>
    </ClInclude>
    <ClInclude Include="inc\Core\Matrix3x3.h">
      <Filter>Headerdateien\Core\Math</Filter>
    </ClInclude>
    <ClInclude Include="inc\Core\Matrix2x2.h">
      <Filter>Headerdateien\Core\Math</Filter>
    </ClInclude>
    <ClInclude Include="inc\Core\Vector2.h">
      <Filter>Headerdateien\Core\Math</Filter>
    </ClInclude>
    <ClInclude Include="inc\Core\Vector4.h">
      <Filter>Headerdateien\Core\Math</Filter>
    </ClInclude>
    <ClInclude Include="inc\Core\Vector3.h">
      <Filter>Headerdateien\Core\Math</Filter>
    </ClInclude>
    <ClInclude Include="inc\Core\Transform.h">
      <Filter>Headerdateien\Core\Math</Filter>
    </ClInclude>
    <ClInclude Include="inc\Core\WindowDescription.h">
      <Filter>Headerdateien\Core\Descriptions</Filter>
    </ClInclude>
    <ClInclude Include="inc\Core\IContentManager.h">
      <Filter>Headerdateien\Interfaces\Modules</Filter>
    </ClInclude>
    <ClInclude Include="inc\Core\IModule.h">
      <Filter>Headerdateien\Interfaces\Modules</Filter>
    </ClInclude>
    <ClInclude Include="inc\Core\IGraphics.h">
      <Filter>Headerdateien\Interfaces\Modules</Filter>
    </ClInclude>
    <ClInclude Include="inc\Core\IPhysics.h">
      <Filter>Headerdateien\Interfaces\Modules</Filter>
    </ClInclude>
    <ClInclude Include="inc\Core\DrawArgs.h">
      <Filter>Headerdateien\Core\Args/States</Filter>
    </ClInclude>
    <ClInclude Include="inc\Core\UpdateArgs.h">
      <Filter>Headerdateien\Core\Args/States</Filter>
    </ClInclude>
    <ClInclude Include="inc\Core\IInput.h">
      <Filter>Headerdateien\Interfaces\Modules</Filter>
    </ClInclude>
    <ClInclude Include="inc\Core\InitializationArgs.h">
      <Filter>Headerdateien\Core\Args/States</Filter>
    </ClInclude>
    <ClInclude Include="inc\Core\InputDescription.h">
      <Filter>Headerdateien\Core\Descriptions</Filter>
    </ClInclude>
    <ClInclude Include="inc\Core\Color.h">
      <Filter>Headerdateien\Core\Graphics</Filter>
    </ClInclude>
    <ClInclude Include="inc\Core\ViewPort.h">
      <Filter>Headerdateien\Core\Graphics</Filter>
    </ClInclude>
    <ClInclude Include="inc\Core\Console.h">
      <Filter>Headerdateien\Engine\Static</Filter>
    </ClInclude>
    <ClInclude Include="inc\Core\ComponentType.h">
      <Filter>Headerdateien\Core\Components</Filter>
    </ClInclude>
    <ClInclude Include="inc\Core\Scene.h">
      <Filter>Headerdateien\Engine</Filter>
    </ClInclude>
    <ClInclude Include="inc\Core\Window.h">
      <Filter>Headerdateien\Engine\Modules</Filter>
    </ClInclude>
    <ClInclude Include="inc\Core\TypeDef.h">
      <Filter>Headerdateien</Filter>
    </ClInclude>
    <ClInclude Include="inc\Core\TypeInc.h">
      <Filter>Headerdateien</Filter>
    </ClInclude>
    <ClInclude Include="inc\Core\Quaternion.h">
      <Filter>Headerdateien\Core\Math</Filter>
    </ClInclude>
    <ClInclude Include="inc\Core\IBehavior.h">
      <Filter>Headerdateien\Interfaces\Components</Filter>
    </ClInclude>
    <ClInclude Include="inc\Core\IRigidbody.h">
      <Filter>Headerdateien\Interfaces\Components</Filter>
    </ClInclude>
    <ClInclude Include="inc\Core\ICollider.h">
      <Filter>Headerdateien\Interfaces\Components</Filter>
    </ClInclude>
    <ClInclude Include="inc\Core\Component.h">
      <Filter>Headerdateien\Engine\Components</Filter>
    </ClInclude>
    <ClInclude Include="inc\core\Camera.h">
      <Filter>Headerdateien\Engine\Components</Filter>
    </ClInclude>
    <ClInclude Include="inc\Core\IMeshRenderer.h">
      <Filter>Headerdateien\Interfaces\Components</Filter>
    </ClInclude>
    <ClInclude Include="inc\Core\HelperHash.h">
      <Filter>Headerdateien\Engine\Static</Filter>
    </ClInclude>
    <ClInclude Include="inc\Core\TikiInfo.h">
      <Filter>Headerdateien\Core</Filter>
    </ClInclude>
    <ClInclude Include="inc\Core\DefaultVertex.h">
      <Filter>Headerdateien\Core\Vertex</Filter>
    </ClInclude>
    <ClInclude Include="inc\Core\PostProcessVertex.h">
      <Filter>Headerdateien\Core\Vertex</Filter>
    </ClInclude>
    <ClInclude Include="inc\Core\SimpleVertex.h">
      <Filter>Headerdateien\Core\Vertex</Filter>
    </ClInclude>
    <ClInclude Include="inc\Core\Material.h">
      <Filter>Headerdateien\Core\Graphics</Filter>
    </ClInclude>
    <ClInclude Include="inc\Core\InputElement.h">
      <Filter>Headerdateien\Core\Vertex</Filter>
    </ClInclude>
    <ClInclude Include="inc\Core\LibraryManager.h">
      <Filter>Headerdateien\Engine\Modules</Filter>
    </ClInclude>
    <ClInclude Include="inc\Core\Key.h">
      <Filter>Headerdateien\Core\Enums</Filter>
    </ClInclude>
    <ClInclude Include="inc\Core\GameTime.h">
      <Filter>Headerdateien\Core\Args/States</Filter>
    </ClInclude>
    <ClInclude Include="inc\Core\InputState.h">
      <Filter>Headerdateien\Core\Args/States</Filter>
    </ClInclude>
    <ClInclude Include="inc\Core\GameObject.h">
      <Filter>Headerdateien\Engine\GameObjects</Filter>
    </ClInclude>
    <ClInclude Include="inc\Core\Mesh.h">
      <Filter>Headerdateien\Core\Graphics</Filter>
    </ClInclude>
    <ClInclude Include="inc\Core\MeshIndexed.h">
      <Filter>Headerdateien\Core\Graphics</Filter>
    </ClInclude>
    <ClInclude Include="inc\Core\FileStream.h">
      <Filter>Headerdateien\Core\I/O</Filter>
    </ClInclude>
    <ClInclude Include="inc\Core\Stream.h">
      <Filter>Headerdateien\Core\I/O</Filter>
    </ClInclude>
    <ClInclude Include="inc\Core\MeshAnimated.h">
      <Filter>Headerdateien\Core\Graphics</Filter>
    </ClInclude>
    <ClInclude Include="inc\Core\TypeGlobals.h">
      <Filter>Headerdateien</Filter>
    </ClInclude>
    <ClInclude Include="inc\Core\IResource.h">
      <Filter>Headerdateien\Interfaces\Resources</Filter>
    </ClInclude>
    <ClInclude Include="inc\Core\IRenderTarget.h">
      <Filter>Headerdateien\Interfaces\Resources</Filter>
    </ClInclude>
    <ClInclude Include="inc\Core\ITexture.h">
      <Filter>Headerdateien\Interfaces\Resources</Filter>
    </ClInclude>
    <ClInclude Include="inc\Core\IShader.h">
      <Filter>Headerdateien\Interfaces\Resources</Filter>
    </ClInclude>
    <ClInclude Include="inc\Core\HelperPath.h">
      <Filter>Headerdateien\Engine\Static</Filter>
    </ClInclude>
    <ClInclude Include="inc\Core\IBoxCollider.h">
      <Filter>Headerdateien\Interfaces\Components</Filter>
    </ClInclude>
    <ClInclude Include="inc\Core\IScript.h">
      <Filter>Headerdateien\Interfaces\Components</Filter>
    </ClInclude>
    <ClInclude Include="inc\Core\Light.h">
      <Filter>Headerdateien\Engine\Components</Filter>
    </ClInclude>
    <ClInclude Include="inc\Graphics\Matrices.h">
      <Filter>Headerdateien\Core\Graphics</Filter>
    </ClInclude>
    <ClInclude Include="inc\Core\LightProperties.h">
      <Filter>Headerdateien\Core\Graphics</Filter>
    </ClInclude>
    <ClInclude Include="inc\Core\Matrices.h">
      <Filter>Headerdateien\Core\Math</Filter>
    </ClInclude>
    <ClInclude Include="inc\Core\CameraObject.h">
      <Filter>Headerdateien\Engine\GameObjects\Basic</Filter>
    </ClInclude>
    <ClInclude Include="inc\Core\LightObject.h">
      <Filter>Headerdateien\Engine\GameObjects\Basic</Filter>
    </ClInclude>
    <ClInclude Include="inc\Core\MeshObject.h">
      <Filter>Headerdateien\Engine\GameObjects\Basic</Filter>
    </ClInclude>
    <ClInclude Include="inc\Core\QuadObject.h">
      <Filter>Headerdateien\Engine\GameObjects\Basic</Filter>
    </ClInclude>
    <ClInclude Include="inc\Core\DebugPhysicsRenderer.h">
      <Filter>Headerdateien\Engine\GameObjects\Debug</Filter>
    </ClInclude>
    <ClInclude Include="inc\Core\PrimitiveTopologies.h">
      <Filter>Headerdateien\Core\Enums</Filter>
    </ClInclude>
    <ClInclude Include="inc\Core\ColorVertex.h">
      <Filter>Headerdateien\Core\Vertex</Filter>
    </ClInclude>
    <ClInclude Include="inc\Core\EngineObject.h">
      <Filter>Headerdateien\Engine</Filter>
    </ClInclude>
    <ClInclude Include="inc\Core\PostProcess.h">
      <Filter>Headerdateien\Core\Graphics</Filter>
    </ClInclude>
    <ClInclude Include="inc\Core\PostProcessPass.h">
      <Filter>Headerdateien\Core\Graphics</Filter>
    </ClInclude>
    <ClInclude Include="inc\Core\ICharacterController.h">
      <Filter>Headerdateien\Interfaces\Components</Filter>
    </ClInclude>
    <ClInclude Include="inc\Core\ISpriteBatch.h">
      <Filter>Headerdateien\Interfaces\Modules</Filter>
    </ClInclude>
    <ClInclude Include="inc\Core\Point.h">
      <Filter>Headerdateien\Core\Math</Filter>
    </ClInclude>
    <ClInclude Include="inc\Core\Rectangle.h">
      <Filter>Headerdateien\Core\Math</Filter>
    </ClInclude>
    <ClInclude Include="inc\Core\ISphereCollider.h">
      <Filter>Headerdateien\Interfaces\Components</Filter>
    </ClInclude>
    <ClInclude Include="inc\Core\IFont.h">
      <Filter>Headerdateien\Interfaces\Resources</Filter>
    </ClInclude>
    <ClInclude Include="inc\Core\IPhysicsMaterial.h">
      <Filter>Headerdateien\Interfaces\Resources</Filter>
    </ClInclude>
    <ClInclude Include="inc\Core\IBoundingBox.h">
      <Filter>Headerdateien\Interfaces\Resources</Filter>
    </ClInclude>
    <ClInclude Include="inc\Core\ISoundSystem.h">
      <Filter>Headerdateien\Interfaces\Modules</Filter>
    </ClInclude>
    <ClInclude Include="inc\Core\ISound.h">
      <Filter>Headerdateien\Interfaces\Resources</Filter>
    </ClInclude>
    <ClInclude Include="inc\Core\TikiObject.h">
      <Filter>Headerdateien</Filter>
    </ClInclude>
    <ClInclude Include="inc\Core\ITerrainRenderer.h">
      <Filter>Headerdateien\Interfaces\Components</Filter>
    </ClInclude>
  </ItemGroup>
</Project>