<?xml version="1.0" encoding="utf-8"?>
<Project ToolsVersion="4.0" xmlns="http://schemas.microsoft.com/developer/msbuild/2003">
  <ItemGroup>
    <Filter Include="Quelldateien">
      <UniqueIdentifier>{4FC737F1-C7A5-4376-A066-2A32D752A2FF}</UniqueIdentifier>
      <Extensions>cpp;c;cc;cxx;def;odl;idl;hpj;bat;asm;asmx</Extensions>
    </Filter>
    <Filter Include="Headerdateien">
      <UniqueIdentifier>{93995380-89BD-4b04-88EB-625FBE52EBFB}</UniqueIdentifier>
      <Extensions>h;hpp;hxx;hm;inl;inc;xsd</Extensions>
    </Filter>
    <Filter Include="Headerdateien\Internal">
      <UniqueIdentifier>{8d8958a3-9884-4db2-80ae-b47347c8f79b}</UniqueIdentifier>
    </Filter>
    <Filter Include="Headerdateien\Internal\Buffer">
      <UniqueIdentifier>{dbea668f-bcab-45ca-80e9-c9256b9693ab}</UniqueIdentifier>
    </Filter>
    <Filter Include="Headerdateien\Internal\Vertex">
      <UniqueIdentifier>{84667c00-bfd7-4a54-94f8-2a9d68f25750}</UniqueIdentifier>
    </Filter>
    <Filter Include="Headerdateien\Components">
      <UniqueIdentifier>{2233eb01-a8e9-4594-bd6e-c681c179a21e}</UniqueIdentifier>
    </Filter>
    <Filter Include="Quelldateien\Resources">
      <UniqueIdentifier>{18fb9633-b103-4628-af7e-0a7ff86a5f5b}</UniqueIdentifier>
    </Filter>
    <Filter Include="Headerdateien\Resources">
      <UniqueIdentifier>{ab46f0ec-920e-484c-b473-a7a851bd4257}</UniqueIdentifier>
    </Filter>
    <Filter Include="Quelldateien\Internal">
      <UniqueIdentifier>{873bba07-b6d0-4c1d-b74a-373788301624}</UniqueIdentifier>
    </Filter>
    <Filter Include="Headerdateien\Modules">
      <UniqueIdentifier>{0b8db9c6-28cf-4f19-ab2b-dc2f051fe7e8}</UniqueIdentifier>
    </Filter>
    <Filter Include="Headerdateien\Internal\Rendering">
      <UniqueIdentifier>{c919f251-3e77-4de8-a6a2-12114241571d}</UniqueIdentifier>
    </Filter>
    <Filter Include="Quelldateien\Internal\Rendering">
      <UniqueIdentifier>{0b570a00-d9c5-4fdf-ab6c-6de06647b201}</UniqueIdentifier>
    </Filter>
    <Filter Include="Headerdateien\Internal\Cloddy">
      <UniqueIdentifier>{e6432fc2-ca46-4cba-86a8-d3521817312d}</UniqueIdentifier>
    </Filter>
    <Filter Include="Headerdateien\Internal\Data">
      <UniqueIdentifier>{bbcc8707-8f12-4c91-885f-e62f0dfb08c7}</UniqueIdentifier>
    </Filter>
    <Filter Include="Headerdateien\Internal\Model">
      <UniqueIdentifier>{e8bfa32a-5d6a-4500-97d8-bcbca723ed41}</UniqueIdentifier>
    </Filter>
  </ItemGroup>
  <ItemGroup>
    <ClCompile Include="src\Graphics\Texture.cpp">
      <Filter>Quelldateien\Resources</Filter>
    </ClCompile>
    <ClCompile Include="src\Graphics\Shader.cpp">
      <Filter>Quelldateien\Resources</Filter>
    </ClCompile>
    <ClCompile Include="src\Graphics\DllMain.cpp">
      <Filter>Quelldateien</Filter>
    </ClCompile>
    <ClCompile Include="src\Graphics\RenderTarget.cpp">
      <Filter>Quelldateien\Resources</Filter>
    </ClCompile>
    <ClCompile Include="src\Graphics\Font.cpp">
      <Filter>Quelldateien\Resources</Filter>
    </ClCompile>
    <ClCompile Include="src\Graphics\Quad.cpp">
      <Filter>Quelldateien\Internal\Rendering</Filter>
    </ClCompile>
    <ClCompile Include="src\Graphics\DebugLineRenderer.cpp">
      <Filter>Quelldateien\Internal\Rendering</Filter>
    </ClCompile>
    <ClCompile Include="src\Graphics\Model.cpp">
      <Filter>Quelldateien\Resources</Filter>
    </ClCompile>
    <ClCompile Include="src\Graphics\DebugConsole.cpp">
      <Filter>Quelldateien\Internal\Rendering</Filter>
    </ClCompile>
    <ClCompile Include="src\Graphics\ModelInternal.cpp">
      <Filter>Quelldateien\Internal</Filter>
    </ClCompile>
    <ClCompile Include="src\Graphics\CloddyInternal.cpp">
      <Filter>Quelldateien\Internal</Filter>
    </ClCompile>
    <ClCompile Include="src\Graphics\VertexInternal.cpp">
      <Filter>Quelldateien\Internal</Filter>
    </ClCompile>
    <ClCompile Include="src\Graphics\AllComponents.cpp">
      <Filter>Quelldateien</Filter>
    </ClCompile>
    <ClCompile Include="src\Graphics\AllModules.cpp">
      <Filter>Quelldateien</Filter>
    </ClCompile>
    <ClCompile Include="src\Graphics\GraphicsInternal.cpp">
      <Filter>Quelldateien\Internal</Filter>
    </ClCompile>
  </ItemGroup>
  <ItemGroup>
    <ClInclude Include="inc\Graphics\ConstantBuffer.h">
      <Filter>Headerdateien\Internal\Buffer</Filter>
    </ClInclude>
    <ClInclude Include="inc\Graphics\Shader.h">
      <Filter>Headerdateien\Resources</Filter>
    </ClInclude>
    <ClInclude Include="inc\Graphics\VertexDeclaration.h">
      <Filter>Headerdateien\Internal\Vertex</Filter>
    </ClInclude>
    <ClInclude Include="inc\Graphics\DllMain.h">
      <Filter>Headerdateien</Filter>
    </ClInclude>
    <ClInclude Include="inc\Graphics\Texture.h">
      <Filter>Headerdateien\Resources</Filter>
    </ClInclude>
    <ClInclude Include="inc\Graphics\MeshRenderer.h">
      <Filter>Headerdateien\Components</Filter>
    </ClInclude>
    <ClInclude Include="inc\Graphics\RenderTarget.h">
      <Filter>Headerdateien\Resources</Filter>
    </ClInclude>
    <ClInclude Include="inc\Graphics\GraphicsModule.h">
      <Filter>Headerdateien\Modules</Filter>
    </ClInclude>
    <ClInclude Include="inc\Graphics\SpriteBatchModule.h">
      <Filter>Headerdateien\Modules</Filter>
    </ClInclude>
    <ClInclude Include="inc\Graphics\SpriteBatchVertex.h">
      <Filter>Headerdateien\Internal\Vertex</Filter>
    </ClInclude>
    <ClInclude Include="inc\Graphics\DynamicBuffer.h">
      <Filter>Headerdateien\Internal\Buffer</Filter>
    </ClInclude>
    <ClInclude Include="inc\Graphics\Font.h">
      <Filter>Headerdateien\Resources</Filter>
    </ClInclude>
    <ClInclude Include="inc\Graphics\TerrainRenderer.h">
      <Filter>Headerdateien\Components</Filter>
    </ClInclude>
    <ClInclude Include="inc\Graphics\DebugLineRenderer.h">
      <Filter>Headerdateien\Internal\Rendering</Filter>
    </ClInclude>
    <ClInclude Include="inc\Graphics\Quad.h">
      <Filter>Headerdateien\Internal\Rendering</Filter>
    </ClInclude>
    <ClInclude Include="inc\Graphics\TikiHeightmap.h">
      <Filter>Headerdateien\Internal\Cloddy</Filter>
    </ClInclude>
    <ClInclude Include="inc\Graphics\Model.h">
      <Filter>Headerdateien\Resources</Filter>
    </ClInclude>
    <ClInclude Include="inc\Graphics\TerrainIndexBuffer.h">
      <Filter>Headerdateien\Internal\Cloddy</Filter>
    </ClInclude>
    <ClInclude Include="inc\Graphics\TerrainVertexBuffer.h">
      <Filter>Headerdateien\Internal\Cloddy</Filter>
    </ClInclude>
    <ClInclude Include="inc\Graphics\CBLights.h">
      <Filter>Headerdateien\Internal\Data</Filter>
    </ClInclude>
    <ClInclude Include="inc\Graphics\CBObjectData.h">
      <Filter>Headerdateien\Internal\Data</Filter>
    </ClInclude>
    <ClInclude Include="inc\Graphics\LightData.h">
      <Filter>Headerdateien\Internal\Data</Filter>
    </ClInclude>
    <ClInclude Include="inc\Graphics\ParticleVertex.h">
      <Filter>Headerdateien\Internal\Vertex</Filter>
    </ClInclude>
    <ClInclude Include="inc\Graphics\ParticleRenderer.h">
      <Filter>Headerdateien\Components</Filter>
    </ClInclude>
    <ClInclude Include="inc\Graphics\StaticBuffer.h">
      <Filter>Headerdateien\Internal\Buffer</Filter>
    </ClInclude>
    <ClInclude Include="inc\Graphics\DebugConsole.h">
      <Filter>Headerdateien\Internal\Rendering</Filter>
    </ClInclude>
    <ClInclude Include="inc\Graphics\ModelConverter.h">
      <Filter>Headerdateien\Internal\Model</Filter>
    </ClInclude>
    <ClInclude Include="inc\Graphics\ModelIOContext.h">
      <Filter>Headerdateien\Internal\Model</Filter>
    </ClInclude>
    <ClInclude Include="inc\Graphics\ModelBinaryData.h">
      <Filter>Headerdateien\Internal\Model</Filter>
    </ClInclude>
    <ClInclude Include="inc\Graphics\TikiLayer.h">
      <Filter>Headerdateien\Internal\Model</Filter>
    </ClInclude>
    <ClInclude Include="inc\Graphics\TikiMesh.h">
      <Filter>Headerdateien\Internal\Model</Filter>
    </ClInclude>
    <ClInclude Include="inc\Graphics\SkinMatrices.h">
      <Filter>Headerdateien\Internal\Model</Filter>
    </ClInclude>
    <ClInclude Include="inc\Graphics\TikiAnimation.h">
      <Filter>Headerdateien\Internal\Model</Filter>
    </ClInclude>
    <ClInclude Include="inc\Graphics\TikiBone.h">
      <Filter>Headerdateien\Internal\Model</Filter>
    </ClInclude>
    <ClInclude Include="inc\Graphics\AnimationStack.h">
      <Filter>Headerdateien\Internal\Model</Filter>
    </ClInclude>
    <ClInclude Include="inc\Graphics\PPDefault.h">
      <Filter>Headerdateien\Internal\Rendering</Filter>
    </ClInclude>
  </ItemGroup>
</Project>