
Microsoft Visual Studio Solution File, Format Version 11.00
# Visual Studio 2010
Project("{8BC9CEB8-8B4A-11D0-8D11-00A0C91BC942}") = "TikiEngine.Core", "TikiEngine.Core.vcxproj", "{939525FD-4CD7-4020-9947-77629AC5A091}"
EndProject
Project("{8BC9CEB8-8B4A-11D0-8D11-00A0C91BC942}") = "Game", "Game.vcxproj", "{2B5BC09C-F375-4729-92FE-EDF77ABD35DE}"
	ProjectSection(ProjectDependencies) = postProject
		{939525FD-4CD7-4020-9947-77629AC5A091} = {939525FD-4CD7-4020-9947-77629AC5A091}
	EndProjectSection
EndProject
Project("{8BC9CEB8-8B4A-11D0-8D11-00A0C91BC942}") = "TikiEngine.Physics", "TikiEngine.Physics.vcxproj", "{E29CCD5B-949C-477F-BBC2-2B694ACA8346}"
	ProjectSection(ProjectDependencies) = postProject
		{939525FD-4CD7-4020-9947-77629AC5A091} = {939525FD-4CD7-4020-9947-77629AC5A091}
	EndProjectSection
EndProject
Project("{FAE04EC0-301F-11D3-BF4B-00C04F79EFBC}") = "Assets", "src\Assets\Assets.csproj", "{7F239751-2D21-4503-BBA2-F480DB6EBFE6}"
EndProject
Project("{8BC9CEB8-8B4A-11D0-8D11-00A0C91BC942}") = "Effects11", "src\Effects11\Effects11.vcxproj", "{DF460EAB-570D-4B50-9089-2E2FC801BF38}"
EndProject
Project("{8BC9CEB8-8B4A-11D0-8D11-00A0C91BC942}") = "TikiEngine.Input", "TikiEngine.Input.vcxproj", "{64D225CE-7AAD-4E39-9E7D-8CCC214EDC00}"
EndProject
Project("{8BC9CEB8-8B4A-11D0-8D11-00A0C91BC942}") = "TikiEngine.Sound", "TikiEngine.Sound.vcxproj", "{B5833648-23F3-48E5-8359-3D4923658E59}"
EndProject
Project("{8BC9CEB8-8B4A-11D0-8D11-00A0C91BC942}") = "TikiEngine.GraphicsDX11", "TikiEngine.GraphicsDX11.vcxproj", "{59897D41-2ADE-4851-8D7A-E3CF1C80F120}"
EndProject
Project("{8BC9CEB8-8B4A-11D0-8D11-00A0C91BC942}") = "TikiEngine.Resources", "TikiEngine.Resources.vcxproj", "{C1B0EFBC-23AE-4B96-9D5C-DA05087A8247}"
EndProject
Global
	GlobalSection(TeamFoundationVersionControl) = preSolution
		SccNumberOfProjects = 10
		SccEnterpriseProvider = {4CA58AB2-18FA-4F8D-95D4-32DDF27D184C}
		SccTeamFoundationServer = http://ion02.de:8080/tfs/defaultcollection
		SccLocalPath0 = .
		SccProjectUniqueName1 = TikiEngine.Core.vcxproj
		SccLocalPath1 = .
		SccProjectUniqueName2 = Game.vcxproj
		SccLocalPath2 = .
		SccProjectUniqueName3 = TikiEngine.Physics.vcxproj
		SccLocalPath3 = .
		SccProjectUniqueName4 = src\\Assets\\Assets.csproj
		SccProjectName4 = src/Assets
		SccLocalPath4 = src\\Assets
		SccProjectUniqueName5 = src\\Effects11\\Effects11.vcxproj
		SccProjectName5 = src/Effects11
		SccLocalPath5 = src\\Effects11
		SccProjectUniqueName6 = TikiEngine.Input.vcxproj
		SccLocalPath6 = .
		SccProjectUniqueName7 = TikiEngine.Sound.vcxproj
		SccLocalPath7 = .
		SccProjectUniqueName8 = TikiEngine.GraphicsDX11\\TikiEngine.GraphicsDX11.vcxproj
		SccProjectName8 = TikiEngine.GraphicsDX11
		SccLocalPath8 = TikiEngine.GraphicsDX11
		SccProjectUniqueName9 = TikiEngine.Resources\\TikiEngine.Resources.vcxproj
		SccProjectName9 = TikiEngine.Resources
		SccLocalPath9 = TikiEngine.Resources
	EndGlobalSection
	GlobalSection(SolutionConfigurationPlatforms) = preSolution
		Debug|x64 = Debug|x64
		Debug|x86 = Debug|x86
		Release|x64 = Release|x64
		Release|x86 = Release|x86
	EndGlobalSection
	GlobalSection(ProjectConfigurationPlatforms) = postSolution
		{939525FD-4CD7-4020-9947-77629AC5A091}.Debug|x64.ActiveCfg = Debug|x64
		{939525FD-4CD7-4020-9947-77629AC5A091}.Debug|x64.Build.0 = Debug|x64
		{939525FD-4CD7-4020-9947-77629AC5A091}.Debug|x86.ActiveCfg = Debug|Win32
		{939525FD-4CD7-4020-9947-77629AC5A091}.Debug|x86.Build.0 = Debug|Win32
		{939525FD-4CD7-4020-9947-77629AC5A091}.Release|x64.ActiveCfg = Release|x64
		{939525FD-4CD7-4020-9947-77629AC5A091}.Release|x64.Build.0 = Release|x64
		{939525FD-4CD7-4020-9947-77629AC5A091}.Release|x86.ActiveCfg = Release|Win32
		{939525FD-4CD7-4020-9947-77629AC5A091}.Release|x86.Build.0 = Release|Win32
		{2B5BC09C-F375-4729-92FE-EDF77ABD35DE}.Debug|x64.ActiveCfg = Debug|x64
		{2B5BC09C-F375-4729-92FE-EDF77ABD35DE}.Debug|x64.Build.0 = Debug|x64
		{2B5BC09C-F375-4729-92FE-EDF77ABD35DE}.Debug|x86.ActiveCfg = Debug|Win32
		{2B5BC09C-F375-4729-92FE-EDF77ABD35DE}.Debug|x86.Build.0 = Debug|Win32
		{2B5BC09C-F375-4729-92FE-EDF77ABD35DE}.Release|x64.ActiveCfg = Release|x64
		{2B5BC09C-F375-4729-92FE-EDF77ABD35DE}.Release|x64.Build.0 = Release|x64
		{2B5BC09C-F375-4729-92FE-EDF77ABD35DE}.Release|x86.ActiveCfg = Release|Win32
		{2B5BC09C-F375-4729-92FE-EDF77ABD35DE}.Release|x86.Build.0 = Release|Win32
		{E29CCD5B-949C-477F-BBC2-2B694ACA8346}.Debug|x64.ActiveCfg = Debug|x64
		{E29CCD5B-949C-477F-BBC2-2B694ACA8346}.Debug|x64.Build.0 = Debug|x64
		{E29CCD5B-949C-477F-BBC2-2B694ACA8346}.Debug|x86.ActiveCfg = Debug|Win32
		{E29CCD5B-949C-477F-BBC2-2B694ACA8346}.Debug|x86.Build.0 = Debug|Win32
		{E29CCD5B-949C-477F-BBC2-2B694ACA8346}.Release|x64.ActiveCfg = Release|x64
		{E29CCD5B-949C-477F-BBC2-2B694ACA8346}.Release|x64.Build.0 = Release|x64
		{E29CCD5B-949C-477F-BBC2-2B694ACA8346}.Release|x86.ActiveCfg = Release|Win32
		{E29CCD5B-949C-477F-BBC2-2B694ACA8346}.Release|x86.Build.0 = Release|Win32
		{7F239751-2D21-4503-BBA2-F480DB6EBFE6}.Debug|x64.ActiveCfg = Release|Any CPU
		{7F239751-2D21-4503-BBA2-F480DB6EBFE6}.Debug|x64.Build.0 = Release|Any CPU
		{7F239751-2D21-4503-BBA2-F480DB6EBFE6}.Debug|x86.ActiveCfg = Release|Any CPU
		{7F239751-2D21-4503-BBA2-F480DB6EBFE6}.Debug|x86.Build.0 = Release|Any CPU
		{7F239751-2D21-4503-BBA2-F480DB6EBFE6}.Release|x64.ActiveCfg = Release|Any CPU
		{7F239751-2D21-4503-BBA2-F480DB6EBFE6}.Release|x64.Build.0 = Release|Any CPU
		{7F239751-2D21-4503-BBA2-F480DB6EBFE6}.Release|x86.ActiveCfg = Release|Any CPU
		{7F239751-2D21-4503-BBA2-F480DB6EBFE6}.Release|x86.Build.0 = Release|Any CPU
		{DF460EAB-570D-4B50-9089-2E2FC801BF38}.Debug|x64.ActiveCfg = Debug|x64
		{DF460EAB-570D-4B50-9089-2E2FC801BF38}.Debug|x64.Build.0 = Debug|x64
		{DF460EAB-570D-4B50-9089-2E2FC801BF38}.Debug|x86.ActiveCfg = Debug|Win32
		{DF460EAB-570D-4B50-9089-2E2FC801BF38}.Debug|x86.Build.0 = Debug|Win32
		{DF460EAB-570D-4B50-9089-2E2FC801BF38}.Release|x64.ActiveCfg = Release|x64
		{DF460EAB-570D-4B50-9089-2E2FC801BF38}.Release|x64.Build.0 = Release|x64
		{DF460EAB-570D-4B50-9089-2E2FC801BF38}.Release|x86.ActiveCfg = Release|Win32
		{DF460EAB-570D-4B50-9089-2E2FC801BF38}.Release|x86.Build.0 = Release|Win32
		{64D225CE-7AAD-4E39-9E7D-8CCC214EDC00}.Debug|x64.ActiveCfg = Debug|x64
		{64D225CE-7AAD-4E39-9E7D-8CCC214EDC00}.Debug|x64.Build.0 = Debug|x64
		{64D225CE-7AAD-4E39-9E7D-8CCC214EDC00}.Debug|x86.ActiveCfg = Debug|Win32
		{64D225CE-7AAD-4E39-9E7D-8CCC214EDC00}.Debug|x86.Build.0 = Debug|Win32
		{64D225CE-7AAD-4E39-9E7D-8CCC214EDC00}.Release|x64.ActiveCfg = Release|x64
		{64D225CE-7AAD-4E39-9E7D-8CCC214EDC00}.Release|x64.Build.0 = Release|x64
		{64D225CE-7AAD-4E39-9E7D-8CCC214EDC00}.Release|x86.ActiveCfg = Release|Win32
		{64D225CE-7AAD-4E39-9E7D-8CCC214EDC00}.Release|x86.Build.0 = Release|Win32
		{B5833648-23F3-48E5-8359-3D4923658E59}.Debug|x64.ActiveCfg = Debug|x64
		{B5833648-23F3-48E5-8359-3D4923658E59}.Debug|x64.Build.0 = Debug|x64
		{B5833648-23F3-48E5-8359-3D4923658E59}.Debug|x86.ActiveCfg = Debug|Win32
		{B5833648-23F3-48E5-8359-3D4923658E59}.Debug|x86.Build.0 = Debug|Win32
		{B5833648-23F3-48E5-8359-3D4923658E59}.Release|x64.ActiveCfg = Release|x64
		{B5833648-23F3-48E5-8359-3D4923658E59}.Release|x64.Build.0 = Release|x64
		{B5833648-23F3-48E5-8359-3D4923658E59}.Release|x86.ActiveCfg = Release|Win32
		{B5833648-23F3-48E5-8359-3D4923658E59}.Release|x86.Build.0 = Release|Win32
		{59897D41-2ADE-4851-8D7A-E3CF1C80F120}.Debug|x64.ActiveCfg = Debug|x64
		{59897D41-2ADE-4851-8D7A-E3CF1C80F120}.Debug|x64.Build.0 = Debug|x64
		{59897D41-2ADE-4851-8D7A-E3CF1C80F120}.Debug|x86.ActiveCfg = Debug|Win32
		{59897D41-2ADE-4851-8D7A-E3CF1C80F120}.Debug|x86.Build.0 = Debug|Win32
		{59897D41-2ADE-4851-8D7A-E3CF1C80F120}.Release|x64.ActiveCfg = Release|x64
		{59897D41-2ADE-4851-8D7A-E3CF1C80F120}.Release|x64.Build.0 = Release|x64
		{59897D41-2ADE-4851-8D7A-E3CF1C80F120}.Release|x86.ActiveCfg = Release|Win32
		{59897D41-2ADE-4851-8D7A-E3CF1C80F120}.Release|x86.Build.0 = Release|Win32
		{C1B0EFBC-23AE-4B96-9D5C-DA05087A8247}.Debug|x64.ActiveCfg = Debug|x64
		{C1B0EFBC-23AE-4B96-9D5C-DA05087A8247}.Debug|x64.Build.0 = Debug|x64
		{C1B0EFBC-23AE-4B96-9D5C-DA05087A8247}.Debug|x86.ActiveCfg = Debug|Win32
		{C1B0EFBC-23AE-4B96-9D5C-DA05087A8247}.Debug|x86.Build.0 = Debug|Win32
		{C1B0EFBC-23AE-4B96-9D5C-DA05087A8247}.Release|x64.ActiveCfg = Release|x64
		{C1B0EFBC-23AE-4B96-9D5C-DA05087A8247}.Release|x64.Build.0 = Release|x64
		{C1B0EFBC-23AE-4B96-9D5C-DA05087A8247}.Release|x86.ActiveCfg = Release|Win32
		{C1B0EFBC-23AE-4B96-9D5C-DA05087A8247}.Release|x86.Build.0 = Release|Win32
	EndGlobalSection
	GlobalSection(SolutionProperties) = preSolution
		HideSolutionNode = FALSE
	EndGlobalSection
EndGlobal
