
Microsoft Visual Studio Solution File, Format Version 11.00
# Visual Studio 2010
Project("{8BC9CEB8-8B4A-11D0-8D11-00A0C91BC942}") = "TikiEngine.Core", "TikiEngine.Core.vcxproj", "{939525FD-4CD7-4020-9947-77629AC5A091}"
EndProject
Project("{8BC9CEB8-8B4A-11D0-8D11-00A0C91BC942}") = "TikiEngine.Graphics", "TikiEngine.Graphics.vcxproj", "{40C458AB-E389-45EA-9177-F57A3BB91865}"
	ProjectSection(ProjectDependencies) = postProject
		{7F239751-2D21-4503-BBA2-F480DB6EBFE6} = {7F239751-2D21-4503-BBA2-F480DB6EBFE6}
		{DF460EAB-570D-4B50-9089-2E2FC801BF38} = {DF460EAB-570D-4B50-9089-2E2FC801BF38}
		{939525FD-4CD7-4020-9947-77629AC5A091} = {939525FD-4CD7-4020-9947-77629AC5A091}
	EndProjectSection
EndProject
Project("{8BC9CEB8-8B4A-11D0-8D11-00A0C91BC942}") = "Game", "Game.vcxproj", "{2B5BC09C-F375-4729-92FE-EDF77ABD35DE}"
	ProjectSection(ProjectDependencies) = postProject
		{7F239751-2D21-4503-BBA2-F480DB6EBFE6} = {7F239751-2D21-4503-BBA2-F480DB6EBFE6}
		{E29CCD5B-949C-477F-BBC2-2B694ACA8346} = {E29CCD5B-949C-477F-BBC2-2B694ACA8346}
		{00C63C7C-090C-4BD3-BF52-79AC3C56EB88} = {00C63C7C-090C-4BD3-BF52-79AC3C56EB88}
		{DF460EAB-570D-4B50-9089-2E2FC801BF38} = {DF460EAB-570D-4B50-9089-2E2FC801BF38}
		{40C458AB-E389-45EA-9177-F57A3BB91865} = {40C458AB-E389-45EA-9177-F57A3BB91865}
		{939525FD-4CD7-4020-9947-77629AC5A091} = {939525FD-4CD7-4020-9947-77629AC5A091}
	EndProjectSection
EndProject
Project("{8BC9CEB8-8B4A-11D0-8D11-00A0C91BC942}") = "TikiEngine.Physics", "TikiEngine.Physics.vcxproj", "{E29CCD5B-949C-477F-BBC2-2B694ACA8346}"
	ProjectSection(ProjectDependencies) = postProject
		{939525FD-4CD7-4020-9947-77629AC5A091} = {939525FD-4CD7-4020-9947-77629AC5A091}
	EndProjectSection
EndProject
Project("{8BC9CEB8-8B4A-11D0-8D11-00A0C91BC942}") = "TikiEngine.Resources", "TikiEngine.Resources.vcxproj", "{00C63C7C-090C-4BD3-BF52-79AC3C56EB88}"
	ProjectSection(ProjectDependencies) = postProject
		{939525FD-4CD7-4020-9947-77629AC5A091} = {939525FD-4CD7-4020-9947-77629AC5A091}
	EndProjectSection
EndProject
Project("{FAE04EC0-301F-11D3-BF4B-00C04F79EFBC}") = "Assets", "src\Assets\Assets.csproj", "{7F239751-2D21-4503-BBA2-F480DB6EBFE6}"
EndProject
Project("{8BC9CEB8-8B4A-11D0-8D11-00A0C91BC942}") = "Effects11", "src\Effects11\Effects11.vcxproj", "{DF460EAB-570D-4B50-9089-2E2FC801BF38}"
EndProject
Global
	GlobalSection(TeamFoundationVersionControl) = preSolution
		SccNumberOfProjects = 8
		SccEnterpriseProvider = {4CA58AB2-18FA-4F8D-95D4-32DDF27D184C}
		SccTeamFoundationServer = http://ion02.de:8080/tfs/defaultcollection
		SccLocalPath0 = .
		SccProjectUniqueName1 = TikiEngine.Core.vcxproj
		SccLocalPath1 = .
		SccProjectUniqueName2 = TikiEngine.Graphics.vcxproj
		SccLocalPath2 = .
		SccProjectUniqueName3 = Game.vcxproj
		SccLocalPath3 = .
		SccProjectUniqueName4 = TikiEngine.Physics.vcxproj
		SccLocalPath4 = .
		SccProjectUniqueName5 = TikiEngine.Resources.vcxproj
		SccLocalPath5 = .
		SccProjectUniqueName6 = src\\Assets\\Assets.csproj
		SccProjectName6 = src/Assets
		SccLocalPath6 = src\\Assets
		SccProjectUniqueName7 = src\\Effects11\\Effects11.vcxproj
		SccProjectName7 = src/Effects11
		SccLocalPath7 = src\\Effects11
	EndGlobalSection
	GlobalSection(SolutionConfigurationPlatforms) = preSolution
		Debug|x64 = Debug|x64
		Debug|x86 = Debug|x86
		Release|x64 = Release|x64
		Release|x86 = Release|x86
	EndGlobalSection
	GlobalSection(ProjectConfigurationPlatforms) = postSolution
		{939525FD-4CD7-4020-9947-77629AC5A091}.Debug|x64.ActiveCfg = Debug|x64
		{939525FD-4CD7-4020-9947-77629AC5A091}.Debug|x64.Build.0 = Debug|x64
		{939525FD-4CD7-4020-9947-77629AC5A091}.Debug|x86.ActiveCfg = Debug|Win32
		{939525FD-4CD7-4020-9947-77629AC5A091}.Debug|x86.Build.0 = Debug|Win32
		{939525FD-4CD7-4020-9947-77629AC5A091}.Release|x64.ActiveCfg = Release|x64
		{939525FD-4CD7-4020-9947-77629AC5A091}.Release|x64.Build.0 = Release|x64
		{939525FD-4CD7-4020-9947-77629AC5A091}.Release|x86.ActiveCfg = Release|Win32
		{939525FD-4CD7-4020-9947-77629AC5A091}.Release|x86.Build.0 = Release|Win32
		{40C458AB-E389-45EA-9177-F57A3BB91865}.Debug|x64.ActiveCfg = Debug|x64
		{40C458AB-E389-45EA-9177-F57A3BB91865}.Debug|x64.Build.0 = Debug|x64
		{40C458AB-E389-45EA-9177-F57A3BB91865}.Debug|x86.ActiveCfg = Debug|Win32
		{40C458AB-E389-45EA-9177-F57A3BB91865}.Debug|x86.Build.0 = Debug|Win32
		{40C458AB-E389-45EA-9177-F57A3BB91865}.Release|x64.ActiveCfg = Release|x64
		{40C458AB-E389-45EA-9177-F57A3BB91865}.Release|x64.Build.0 = Release|x64
		{40C458AB-E389-45EA-9177-F57A3BB91865}.Release|x86.ActiveCfg = Release|Win32
		{40C458AB-E389-45EA-9177-F57A3BB91865}.Release|x86.Build.0 = Release|Win32
		{2B5BC09C-F375-4729-92FE-EDF77ABD35DE}.Debug|x64.ActiveCfg = Debug|x64
		{2B5BC09C-F375-4729-92FE-EDF77ABD35DE}.Debug|x64.Build.0 = Debug|x64
		{2B5BC09C-F375-4729-92FE-EDF77ABD35DE}.Debug|x86.ActiveCfg = Debug|Win32
		{2B5BC09C-F375-4729-92FE-EDF77ABD35DE}.Debug|x86.Build.0 = Debug|Win32
		{2B5BC09C-F375-4729-92FE-EDF77ABD35DE}.Release|x64.ActiveCfg = Release|x64
		{2B5BC09C-F375-4729-92FE-EDF77ABD35DE}.Release|x64.Build.0 = Release|x64
		{2B5BC09C-F375-4729-92FE-EDF77ABD35DE}.Release|x86.ActiveCfg = Release|Win32
		{2B5BC09C-F375-4729-92FE-EDF77ABD35DE}.Release|x86.Build.0 = Release|Win32
		{E29CCD5B-949C-477F-BBC2-2B694ACA8346}.Debug|x64.ActiveCfg = Debug|x64
		{E29CCD5B-949C-477F-BBC2-2B694ACA8346}.Debug|x64.Build.0 = Debug|x64
		{E29CCD5B-949C-477F-BBC2-2B694ACA8346}.Debug|x86.ActiveCfg = Debug|Win32
		{E29CCD5B-949C-477F-BBC2-2B694ACA8346}.Debug|x86.Build.0 = Debug|Win32
		{E29CCD5B-949C-477F-BBC2-2B694ACA8346}.Release|x64.ActiveCfg = Release|x64
		{E29CCD5B-949C-477F-BBC2-2B694ACA8346}.Release|x64.Build.0 = Release|x64
		{E29CCD5B-949C-477F-BBC2-2B694ACA8346}.Release|x86.ActiveCfg = Release|Win32
		{E29CCD5B-949C-477F-BBC2-2B694ACA8346}.Release|x86.Build.0 = Release|Win32
		{00C63C7C-090C-4BD3-BF52-79AC3C56EB88}.Debug|x64.ActiveCfg = Debug|x64
		{00C63C7C-090C-4BD3-BF52-79AC3C56EB88}.Debug|x64.Build.0 = Debug|x64
		{00C63C7C-090C-4BD3-BF52-79AC3C56EB88}.Debug|x86.ActiveCfg = Debug|Win32
		{00C63C7C-090C-4BD3-BF52-79AC3C56EB88}.Debug|x86.Build.0 = Debug|Win32
		{00C63C7C-090C-4BD3-BF52-79AC3C56EB88}.Release|x64.ActiveCfg = Release|x64
		{00C63C7C-090C-4BD3-BF52-79AC3C56EB88}.Release|x64.Build.0 = Release|x64
		{00C63C7C-090C-4BD3-BF52-79AC3C56EB88}.Release|x86.ActiveCfg = Release|Win32
		{00C63C7C-090C-4BD3-BF52-79AC3C56EB88}.Release|x86.Build.0 = Release|Win32
		{7F239751-2D21-4503-BBA2-F480DB6EBFE6}.Debug|x64.ActiveCfg = Release|Any CPU
		{7F239751-2D21-4503-BBA2-F480DB6EBFE6}.Debug|x64.Build.0 = Release|Any CPU
		{7F239751-2D21-4503-BBA2-F480DB6EBFE6}.Debug|x86.ActiveCfg = Release|Any CPU
		{7F239751-2D21-4503-BBA2-F480DB6EBFE6}.Debug|x86.Build.0 = Release|Any CPU
		{7F239751-2D21-4503-BBA2-F480DB6EBFE6}.Release|x64.ActiveCfg = Release|Any CPU
		{7F239751-2D21-4503-BBA2-F480DB6EBFE6}.Release|x64.Build.0 = Release|Any CPU
		{7F239751-2D21-4503-BBA2-F480DB6EBFE6}.Release|x86.ActiveCfg = Release|Any CPU
		{7F239751-2D21-4503-BBA2-F480DB6EBFE6}.Release|x86.Build.0 = Release|Any CPU
		{DF460EAB-570D-4B50-9089-2E2FC801BF38}.Debug|x64.ActiveCfg = Debug|x64
		{DF460EAB-570D-4B50-9089-2E2FC801BF38}.Debug|x64.Build.0 = Debug|x64
		{DF460EAB-570D-4B50-9089-2E2FC801BF38}.Debug|x86.ActiveCfg = Debug|Win32
		{DF460EAB-570D-4B50-9089-2E2FC801BF38}.Debug|x86.Build.0 = Debug|Win32
		{DF460EAB-570D-4B50-9089-2E2FC801BF38}.Release|x64.ActiveCfg = Release|x64
		{DF460EAB-570D-4B50-9089-2E2FC801BF38}.Release|x64.Build.0 = Release|x64
		{DF460EAB-570D-4B50-9089-2E2FC801BF38}.Release|x86.ActiveCfg = Release|Win32
		{DF460EAB-570D-4B50-9089-2E2FC801BF38}.Release|x86.Build.0 = Release|Win32
	EndGlobalSection
	GlobalSection(SolutionProperties) = preSolution
		HideSolutionNode = FALSE
	EndGlobalSection
EndGlobal
