<?xml version="1.0" encoding="utf-8"?>
<Project ToolsVersion="4.0" xmlns="http://schemas.microsoft.com/developer/msbuild/2003">
  <ItemGroup>
    <Filter Include="DllMain">
      <UniqueIdentifier>{f8b20b0b-4b2e-45b3-b09f-823d3906ed85}</UniqueIdentifier>
    </Filter>
    <Filter Include="Module">
      <UniqueIdentifier>{5fae75bd-f30b-4b98-973a-c3a6b818636c}</UniqueIdentifier>
    </Filter>
    <Filter Include="Resource">
      <UniqueIdentifier>{e35c83d1-55ba-4b4f-a8d4-c872b74bbef0}</UniqueIdentifier>
    </Filter>
  </ItemGroup>
  <ItemGroup>
    <ClInclude Include="inc\Sound\SoundModule.h">
      <Filter>Module</Filter>
    </ClInclude>
    <ClInclude Include="inc\Sound\Sound.h">
      <Filter>Resource</Filter>
    </ClInclude>
    <ClInclude Include="inc\Sound\DllMain.h">
      <Filter>DllMain</Filter>
    </ClInclude>
    <ClInclude Include="inc\Sound\Sound3D.h">
      <Filter>Resource</Filter>
    </ClInclude>
  </ItemGroup>
  <ItemGroup>
    <ClCompile Include="src\Sound\Sound.cpp">
      <Filter>Resource</Filter>
    </ClCompile>
    <ClCompile Include="src\Sound\SoundModule.cpp">
      <Filter>Module</Filter>
    </ClCompile>
    <ClCompile Include="src\Sound\DllMain.cpp">
      <Filter>DllMain</Filter>
    </ClCompile>
    <ClCompile Include="src\Sound\Sound3D.cpp">
      <Filter>Resource</Filter>
    </ClCompile>
  </ItemGroup>
</Project>