
Microsoft Visual Studio Solution File, Format Version 11.00
# Visual Studio 2010
Project("{8BC9CEB8-8B4A-11D0-8D11-00A0C91BC942}") = "TikiEngine.Core", "TikiEngine.Core.vcxproj", "{939525FD-4CD7-4020-9947-77629AC5A091}"
EndProject
Project("{8BC9CEB8-8B4A-11D0-8D11-00A0C91BC942}") = "Game", "Game.vcxproj", "{2B5BC09C-F375-4729-92FE-EDF77ABD35DE}"
	ProjectSection(ProjectDependencies) = postProject
		{939525FD-4CD7-4020-9947-77629AC5A091} = {939525FD-4CD7-4020-9947-77629AC5A091}
	EndProjectSection
EndProject
Project("{8BC9CEB8-8B4A-11D0-8D11-00A0C91BC942}") = "TikiEngine.Physics", "TikiEngine.Physics.vcxproj", "{E29CCD5B-949C-477F-BBC2-2B694ACA8346}"
	ProjectSection(ProjectDependencies) = postProject
		{939525FD-4CD7-4020-9947-77629AC5A091} = {939525FD-4CD7-4020-9947-77629AC5A091}
	EndProjectSection
EndProject
Project("{8BC9CEB8-8B4A-11D0-8D11-00A0C91BC942}") = "Effects11", "src\Effects11\Effects11.vcxproj", "{DF460EAB-570D-4B50-9089-2E2FC801BF38}"
EndProject
Project("{8BC9CEB8-8B4A-11D0-8D11-00A0C91BC942}") = "TikiEngine.Input", "TikiEngine.Input.vcxproj", "{64D225CE-7AAD-4E39-9E7D-8CCC214EDC00}"
	ProjectSection(ProjectDependencies) = postProject
		{939525FD-4CD7-4020-9947-77629AC5A091} = {939525FD-4CD7-4020-9947-77629AC5A091}
	EndProjectSection
EndProject
Project("{8BC9CEB8-8B4A-11D0-8D11-00A0C91BC942}") = "TikiEngine.Sound", "TikiEngine.Sound.vcxproj", "{B5833648-23F3-48E5-8359-3D4923658E59}"
	ProjectSection(ProjectDependencies) = postProject
		{939525FD-4CD7-4020-9947-77629AC5A091} = {939525FD-4CD7-4020-9947-77629AC5A091}
	EndProjectSection
EndProject
Project("{8BC9CEB8-8B4A-11D0-8D11-00A0C91BC942}") = "TikiEngine.GraphicsDX11", "TikiEngine.GraphicsDX11.vcxproj", "{59897D41-2ADE-4851-8D7A-E3CF1C80F120}"
	ProjectSection(ProjectDependencies) = postProject
		{DF460EAB-570D-4B50-9089-2E2FC801BF38} = {DF460EAB-570D-4B50-9089-2E2FC801BF38}
		{939525FD-4CD7-4020-9947-77629AC5A091} = {939525FD-4CD7-4020-9947-77629AC5A091}
	EndProjectSection
EndProject
Project("{8BC9CEB8-8B4A-11D0-8D11-00A0C91BC942}") = "TikiEngine.ContentManager", "TikiEngine.ContentManager.vcxproj", "{60826F76-797B-476A-A4A0-237278730964}"
	ProjectSection(ProjectDependencies) = postProject
		{939525FD-4CD7-4020-9947-77629AC5A091} = {939525FD-4CD7-4020-9947-77629AC5A091}
	EndProjectSection
EndProject
Project("{2150E333-8FDC-42A3-9474-1A3956D46DE8}") = "Assets", "Assets", "{2BD9FA24-8D3E-446C-8C39-D4BF79B32C87}"
EndProject
Project("{2150E333-8FDC-42A3-9474-1A3956D46DE8}") = "Modules", "Modules", "{FEA39EEE-8608-4B43-BD2F-3BF60194DC0D}"
EndProject
Project("{2150E333-8FDC-42A3-9474-1A3956D46DE8}") = "Misc", "Misc", "{586B6389-7027-4E84-9EE8-56C347BFF8F2}"
EndProject
Project("{2150E333-8FDC-42A3-9474-1A3956D46DE8}") = "Game and Core", "Game and Core", "{091669E1-03B7-4FCB-841F-8F5F6F3B02B6}"
EndProject
Project("{FAE04EC0-301F-11D3-BF4B-00C04F79EFBC}") = "Files", "Files.csproj", "{07E6BAA5-4F4C-4F0F-A331-BF09FFB08A2E}"
EndProject
Global
	GlobalSection(TeamFoundationVersionControl) = preSolution
		SccNumberOfProjects = 10
		SccEnterpriseProvider = {4CA58AB2-18FA-4F8D-95D4-32DDF27D184C}
		SccTeamFoundationServer = http://ion02.de:8080/tfs/defaultcollection
		SccLocalPath0 = .
		SccProjectUniqueName1 = TikiEngine.Core.vcxproj
		SccProjectTopLevelParentUniqueName1 = TikiEngine.sln
		SccLocalPath1 = .
		SccProjectUniqueName2 = Game.vcxproj
		SccProjectTopLevelParentUniqueName2 = TikiEngine.sln
		SccLocalPath2 = .
		SccProjectUniqueName3 = TikiEngine.Physics.vcxproj
		SccProjectTopLevelParentUniqueName3 = TikiEngine.sln
		SccLocalPath3 = .
		SccProjectUniqueName4 = src\\Effects11\\Effects11.vcxproj
		SccProjectTopLevelParentUniqueName4 = TikiEngine.sln
		SccProjectName4 = src/Effects11
		SccLocalPath4 = src\\Effects11
		SccProjectUniqueName5 = TikiEngine.Input.vcxproj
		SccProjectTopLevelParentUniqueName5 = TikiEngine.sln
		SccLocalPath5 = .
		SccProjectUniqueName6 = TikiEngine.Sound.vcxproj
		SccProjectTopLevelParentUniqueName6 = TikiEngine.sln
		SccLocalPath6 = .
		SccProjectUniqueName7 = TikiEngine.GraphicsDX11.vcxproj
		SccProjectTopLevelParentUniqueName7 = TikiEngine.sln
		SccLocalPath7 = .
		SccProjectUniqueName8 = TikiEngine.ContentManager.vcxproj
		SccProjectTopLevelParentUniqueName8 = TikiEngine.sln
		SccLocalPath8 = .
		SccProjectUniqueName9 = Files.csproj
		SccProjectTopLevelParentUniqueName9 = TikiEngine.sln
		SccLocalPath9 = .
	EndGlobalSection
	GlobalSection(SolutionConfigurationPlatforms) = preSolution
		Debug|x64 = Debug|x64
		Debug|x86 = Debug|x86
		Release|x64 = Release|x64
		Release|x86 = Release|x86
	EndGlobalSection
	GlobalSection(ProjectConfigurationPlatforms) = postSolution
		{939525FD-4CD7-4020-9947-77629AC5A091}.Debug|x64.ActiveCfg = Debug|x64
		{939525FD-4CD7-4020-9947-77629AC5A091}.Debug|x64.Build.0 = Debug|x64
		{939525FD-4CD7-4020-9947-77629AC5A091}.Debug|x86.ActiveCfg = Debug|Win32
		{939525FD-4CD7-4020-9947-77629AC5A091}.Debug|x86.Build.0 = Debug|Win32
		{939525FD-4CD7-4020-9947-77629AC5A091}.Release|x64.ActiveCfg = Release|x64
		{939525FD-4CD7-4020-9947-77629AC5A091}.Release|x64.Build.0 = Release|x64
		{939525FD-4CD7-4020-9947-77629AC5A091}.Release|x86.ActiveCfg = Release|Win32
		{939525FD-4CD7-4020-9947-77629AC5A091}.Release|x86.Build.0 = Release|Win32
		{2B5BC09C-F375-4729-92FE-EDF77ABD35DE}.Debug|x64.ActiveCfg = Debug|x64
		{2B5BC09C-F375-4729-92FE-EDF77ABD35DE}.Debug|x64.Build.0 = Debug|x64
		{2B5BC09C-F375-4729-92FE-EDF77ABD35DE}.Debug|x86.ActiveCfg = Debug|Win32
		{2B5BC09C-F375-4729-92FE-EDF77ABD35DE}.Debug|x86.Build.0 = Debug|Win32
		{2B5BC09C-F375-4729-92FE-EDF77ABD35DE}.Release|x64.ActiveCfg = Release|x64
		{2B5BC09C-F375-4729-92FE-EDF77ABD35DE}.Release|x64.Build.0 = Release|x64
		{2B5BC09C-F375-4729-92FE-EDF77ABD35DE}.Release|x86.ActiveCfg = Release|Win32
		{2B5BC09C-F375-4729-92FE-EDF77ABD35DE}.Release|x86.Build.0 = Release|Win32
		{E29CCD5B-949C-477F-BBC2-2B694ACA8346}.Debug|x64.ActiveCfg = Debug|x64
		{E29CCD5B-949C-477F-BBC2-2B694ACA8346}.Debug|x64.Build.0 = Debug|x64
		{E29CCD5B-949C-477F-BBC2-2B694ACA8346}.Debug|x86.ActiveCfg = Debug|Win32
		{E29CCD5B-949C-477F-BBC2-2B694ACA8346}.Debug|x86.Build.0 = Debug|Win32
		{E29CCD5B-949C-477F-BBC2-2B694ACA8346}.Release|x64.ActiveCfg = Release|x64
		{E29CCD5B-949C-477F-BBC2-2B694ACA8346}.Release|x64.Build.0 = Release|x64
		{E29CCD5B-949C-477F-BBC2-2B694ACA8346}.Release|x86.ActiveCfg = Release|Win32
		{E29CCD5B-949C-477F-BBC2-2B694ACA8346}.Release|x86.Build.0 = Release|Win32
		{DF460EAB-570D-4B50-9089-2E2FC801BF38}.Debug|x64.ActiveCfg = Debug|x64
		{DF460EAB-570D-4B50-9089-2E2FC801BF38}.Debug|x64.Build.0 = Debug|x64
		{DF460EAB-570D-4B50-9089-2E2FC801BF38}.Debug|x86.ActiveCfg = Debug|Win32
		{DF460EAB-570D-4B50-9089-2E2FC801BF38}.Debug|x86.Build.0 = Debug|Win32
		{DF460EAB-570D-4B50-9089-2E2FC801BF38}.Release|x64.ActiveCfg = Release|x64
		{DF460EAB-570D-4B50-9089-2E2FC801BF38}.Release|x64.Build.0 = Release|x64
		{DF460EAB-570D-4B50-9089-2E2FC801BF38}.Release|x86.ActiveCfg = Release|Win32
		{DF460EAB-570D-4B50-9089-2E2FC801BF38}.Release|x86.Build.0 = Release|Win32
		{64D225CE-7AAD-4E39-9E7D-8CCC214EDC00}.Debug|x64.ActiveCfg = Debug|x64
		{64D225CE-7AAD-4E39-9E7D-8CCC214EDC00}.Debug|x64.Build.0 = Debug|x64
		{64D225CE-7AAD-4E39-9E7D-8CCC214EDC00}.Debug|x86.ActiveCfg = Debug|Win32
		{64D225CE-7AAD-4E39-9E7D-8CCC214EDC00}.Debug|x86.Build.0 = Debug|Win32
		{64D225CE-7AAD-4E39-9E7D-8CCC214EDC00}.Release|x64.ActiveCfg = Release|x64
		{64D225CE-7AAD-4E39-9E7D-8CCC214EDC00}.Release|x64.Build.0 = Release|x64
		{64D225CE-7AAD-4E39-9E7D-8CCC214EDC00}.Release|x86.ActiveCfg = Release|Win32
		{64D225CE-7AAD-4E39-9E7D-8CCC214EDC00}.Release|x86.Build.0 = Release|Win32
		{B5833648-23F3-48E5-8359-3D4923658E59}.Debug|x64.ActiveCfg = Debug|x64
		{B5833648-23F3-48E5-8359-3D4923658E59}.Debug|x64.Build.0 = Debug|x64
		{B5833648-23F3-48E5-8359-3D4923658E59}.Debug|x86.ActiveCfg = Debug|Win32
		{B5833648-23F3-48E5-8359-3D4923658E59}.Debug|x86.Build.0 = Debug|Win32
		{B5833648-23F3-48E5-8359-3D4923658E59}.Release|x64.ActiveCfg = Release|x64
		{B5833648-23F3-48E5-8359-3D4923658E59}.Release|x64.Build.0 = Release|x64
		{B5833648-23F3-48E5-8359-3D4923658E59}.Release|x86.ActiveCfg = Release|Win32
		{B5833648-23F3-48E5-8359-3D4923658E59}.Release|x86.Build.0 = Release|Win32
		{59897D41-2ADE-4851-8D7A-E3CF1C80F120}.Debug|x64.ActiveCfg = Debug|x64
		{59897D41-2ADE-4851-8D7A-E3CF1C80F120}.Debug|x64.Build.0 = Debug|x64
		{59897D41-2ADE-4851-8D7A-E3CF1C80F120}.Debug|x86.ActiveCfg = Debug|Win32
		{59897D41-2ADE-4851-8D7A-E3CF1C80F120}.Debug|x86.Build.0 = Debug|Win32
		{59897D41-2ADE-4851-8D7A-E3CF1C80F120}.Release|x64.ActiveCfg = Release|x64
		{59897D41-2ADE-4851-8D7A-E3CF1C80F120}.Release|x64.Build.0 = Release|x64
		{59897D41-2ADE-4851-8D7A-E3CF1C80F120}.Release|x86.ActiveCfg = Release|Win32
		{59897D41-2ADE-4851-8D7A-E3CF1C80F120}.Release|x86.Build.0 = Release|Win32
		{60826F76-797B-476A-A4A0-237278730964}.Debug|x64.ActiveCfg = Debug|x64
		{60826F76-797B-476A-A4A0-237278730964}.Debug|x64.Build.0 = Debug|x64
		{60826F76-797B-476A-A4A0-237278730964}.Debug|x86.ActiveCfg = Debug|Win32
		{60826F76-797B-476A-A4A0-237278730964}.Debug|x86.Build.0 = Debug|Win32
		{60826F76-797B-476A-A4A0-237278730964}.Release|x64.ActiveCfg = Release|x64
		{60826F76-797B-476A-A4A0-237278730964}.Release|x64.Build.0 = Release|x64
		{60826F76-797B-476A-A4A0-237278730964}.Release|x86.ActiveCfg = Release|Win32
		{60826F76-797B-476A-A4A0-237278730964}.Release|x86.Build.0 = Release|Win32
		{07E6BAA5-4F4C-4F0F-A331-BF09FFB08A2E}.Debug|x64.ActiveCfg = Release|Any CPU
		{07E6BAA5-4F4C-4F0F-A331-BF09FFB08A2E}.Debug|x86.ActiveCfg = Release|Any CPU
		{07E6BAA5-4F4C-4F0F-A331-BF09FFB08A2E}.Release|x64.ActiveCfg = Release|Any CPU
		{07E6BAA5-4F4C-4F0F-A331-BF09FFB08A2E}.Release|x86.ActiveCfg = Release|Any CPU
	EndGlobalSection
	GlobalSection(SolutionProperties) = preSolution
		HideSolutionNode = FALSE
	EndGlobalSection
	GlobalSection(NestedProjects) = preSolution
		{2B5BC09C-F375-4729-92FE-EDF77ABD35DE} = {091669E1-03B7-4FCB-841F-8F5F6F3B02B6}
		{939525FD-4CD7-4020-9947-77629AC5A091} = {091669E1-03B7-4FCB-841F-8F5F6F3B02B6}
		{64D225CE-7AAD-4E39-9E7D-8CCC214EDC00} = {FEA39EEE-8608-4B43-BD2F-3BF60194DC0D}
		{B5833648-23F3-48E5-8359-3D4923658E59} = {FEA39EEE-8608-4B43-BD2F-3BF60194DC0D}
		{59897D41-2ADE-4851-8D7A-E3CF1C80F120} = {FEA39EEE-8608-4B43-BD2F-3BF60194DC0D}
		{60826F76-797B-476A-A4A0-237278730964} = {FEA39EEE-8608-4B43-BD2F-3BF60194DC0D}
		{E29CCD5B-949C-477F-BBC2-2B694ACA8346} = {FEA39EEE-8608-4B43-BD2F-3BF60194DC0D}
		{DF460EAB-570D-4B50-9089-2E2FC801BF38} = {586B6389-7027-4E84-9EE8-56C347BFF8F2}
		{07E6BAA5-4F4C-4F0F-A331-BF09FFB08A2E} = {2BD9FA24-8D3E-446C-8C39-D4BF79B32C87}
	EndGlobalSection
EndGlobal
