<?xml version="1.0" encoding="utf-8"?>
<Project ToolsVersion="4.0" xmlns="http://schemas.microsoft.com/developer/msbuild/2003">
  <ItemGroup>
    <Filter Include="Base">
      <UniqueIdentifier>{7c32b85a-9bf7-432d-be9c-a76cf8913e83}</UniqueIdentifier>
    </Filter>
    <Filter Include="Model">
      <UniqueIdentifier>{78033e71-6f25-45cb-9d58-a3517034767b}</UniqueIdentifier>
    </Filter>
    <Filter Include="Model\Load">
      <UniqueIdentifier>{b750016d-5c1a-457e-a423-520f8a0a5eb9}</UniqueIdentifier>
    </Filter>
    <Filter Include="Model\FBX">
      <UniqueIdentifier>{ae829553-4f5a-4d16-ba9e-83d13d9f9291}</UniqueIdentifier>
    </Filter>
    <Filter Include="Model\MeshMaterial">
      <UniqueIdentifier>{78908c81-a691-4920-ac4d-e128d15a1376}</UniqueIdentifier>
    </Filter>
    <Filter Include="Res">
      <UniqueIdentifier>{22b0443a-d0ea-478e-b0ee-51786ec80275}</UniqueIdentifier>
    </Filter>
  </ItemGroup>
  <ItemGroup>
    <ClInclude Include="FBXImport.h">
      <Filter>Model\Load</Filter>
    </ClInclude>
    <ClInclude Include="FBXConverter.h">
      <Filter>Model\FBX</Filter>
    </ClInclude>
    <ClInclude Include="FbxHelper.h">
      <Filter>Model\FBX</Filter>
    </ClInclude>
    <ClInclude Include="FbxLoader.h">
      <Filter>Model\FBX</Filter>
    </ClInclude>
    <ClInclude Include="ModelEditor.h">
      <Filter>Model</Filter>
    </ClInclude>
    <ClInclude Include="MeshMaterial.h">
      <Filter>Model\MeshMaterial</Filter>
    </ClInclude>
    <ClInclude Include="FakeTexture.h">
      <Filter>Model\MeshMaterial</Filter>
    </ClInclude>
    <ClInclude Include="D3DX10MeshLoader.h">
      <Filter>Model\Load</Filter>
    </ClInclude>
    <ClInclude Include="ResConverter.h">
      <Filter>Res</Filter>
    </ClInclude>
  </ItemGroup>
  <ItemGroup>
    <ClCompile Include="AssemblyInfo.cpp">
      <Filter>Base</Filter>
    </ClCompile>
    <ClCompile Include="main.cpp">
      <Filter>Base</Filter>
    </ClCompile>
    <ClCompile Include="CompileHeader.cpp">
      <Filter>Model</Filter>
    </ClCompile>
    <ClCompile Include="FBXConverter.cpp">
      <Filter>Model\FBX</Filter>
    </ClCompile>
    <ClCompile Include="FbxHelper.cpp">
      <Filter>Model\FBX</Filter>
    </ClCompile>
    <ClCompile Include="FbxLoader.cpp">
      <Filter>Model\FBX</Filter>
    </ClCompile>
    <ClCompile Include="FBXImport.cpp">
      <Filter>Model\Load</Filter>
    </ClCompile>
    <ClCompile Include="D3DX10MeshLoader.cpp">
      <Filter>Model\Load</Filter>
    </ClCompile>
    <ClCompile Include="ResConverter.cpp">
      <Filter>Res</Filter>
    </ClCompile>
    <ClCompile Include="CompileBzip.cpp">
      <Filter>Res</Filter>
    </ClCompile>
  </ItemGroup>
</Project>