
Microsoft Visual Studio Solution File, Format Version 11.00
# Visual Studio 2010
Project("{8BC9CEB8-8B4A-11D0-8D11-00A0C91BC942}") = "Launcher", "Source\Launcher.vcxproj", "{4E144FBC-C5FA-473A-8200-3905A16333E9}"
EndProject
Global
	GlobalSection(TeamFoundationVersionControl) = preSolution
		SccNumberOfProjects = 2
		SccEnterpriseProvider = {4CA58AB2-18FA-4F8D-95D4-32DDF27D184C}
		SccTeamFoundationServer = http://ion02.de:8080/tfs/defaultcollection
		SccLocalPath0 = .
		SccProjectUniqueName1 = Source\\Launcher.vcxproj
		SccProjectName1 = Source
		SccLocalPath1 = Source
	EndGlobalSection
	GlobalSection(SolutionConfigurationPlatforms) = preSolution
		Release|Win32 = Release|Win32
	EndGlobalSection
	GlobalSection(ProjectConfigurationPlatforms) = postSolution
		{4E144FBC-C5FA-473A-8200-3905A16333E9}.Release|Win32.ActiveCfg = Release|Win32
		{4E144FBC-C5FA-473A-8200-3905A16333E9}.Release|Win32.Build.0 = Release|Win32
	EndGlobalSection
	GlobalSection(SolutionProperties) = preSolution
		HideSolutionNode = FALSE
	EndGlobalSection
EndGlobal
