
Microsoft Visual Studio Solution File, Format Version 11.00
# Visual Studio 2010
Project("{FAE04EC0-301F-11D3-BF4B-00C04F79EFBC}") = "TikiEditor", "Source\TikiEditor\TikiEditor.csproj", "{5486307C-2A63-4644-B386-C682BEEB0294}"
EndProject
Project("{FAE04EC0-301F-11D3-BF4B-00C04F79EFBC}") = "TikiEditorContent", "Source\TikiEditorContent\TikiEditorContent.contentproj", "{BD9F6E59-6904-4B0A-AB76-E305A5597C05}"
EndProject
Project("{8BC9CEB8-8B4A-11D0-8D11-00A0C91BC942}") = "TikiEditor.Cloddy", "Source\TikiEditor.Cloddy\TikiEditor.Cloddy.vcxproj", "{4F25939D-C9FA-452A-805C-96E4EDFE3137}"
EndProject
Project("{8BC9CEB8-8B4A-11D0-8D11-00A0C91BC942}") = "TikiEditor.Model", "Source\TikiEditor.Model\TikiEditor.Model.vcxproj", "{7FCF27FA-70D3-48ED-A52E-7C7DB64CC61D}"
EndProject
Global
	GlobalSection(TeamFoundationVersionControl) = preSolution
		SccNumberOfProjects = 5
		SccEnterpriseProvider = {4CA58AB2-18FA-4F8D-95D4-32DDF27D184C}
		SccTeamFoundationServer = http://ion02.de:8080/tfs/defaultcollection
		SccLocalPath0 = .
		SccProjectUniqueName1 = Source\\TikiEditor\\TikiEditor.csproj
		SccProjectName1 = Source/TikiEditor
		SccLocalPath1 = Source\\TikiEditor
		SccProjectUniqueName2 = Source\\TikiEditorContent\\TikiEditorContent.contentproj
		SccProjectName2 = Source/TikiEditorContent
		SccLocalPath2 = Source\\TikiEditorContent
		SccProjectUniqueName3 = Source\\TikiEditor.Cloddy\\TikiEditor.Cloddy.vcxproj
		SccProjectName3 = Source/TikiEditor.Cloddy
		SccLocalPath3 = Source\\TikiEditor.Cloddy
		SccProjectUniqueName4 = Source\\TikiEditor.Model\\TikiEditor.Model.vcxproj
		SccProjectName4 = Source/TikiEditor.Model
		SccLocalPath4 = Source\\TikiEditor.Model
	EndGlobalSection
	GlobalSection(SolutionConfigurationPlatforms) = preSolution
		Debug|Mixed Platforms = Debug|Mixed Platforms
		Debug|Win32 = Debug|Win32
		Debug|x86 = Debug|x86
		Release|Mixed Platforms = Release|Mixed Platforms
		Release|Win32 = Release|Win32
		Release|x86 = Release|x86
	EndGlobalSection
	GlobalSection(ProjectConfigurationPlatforms) = postSolution
		{5486307C-2A63-4644-B386-C682BEEB0294}.Debug|Mixed Platforms.ActiveCfg = Debug|x86
		{5486307C-2A63-4644-B386-C682BEEB0294}.Debug|Mixed Platforms.Build.0 = Debug|x86
		{5486307C-2A63-4644-B386-C682BEEB0294}.Debug|Win32.ActiveCfg = Debug|x86
		{5486307C-2A63-4644-B386-C682BEEB0294}.Debug|Win32.Build.0 = Debug|x86
		{5486307C-2A63-4644-B386-C682BEEB0294}.Debug|x86.ActiveCfg = Debug|x86
		{5486307C-2A63-4644-B386-C682BEEB0294}.Debug|x86.Build.0 = Debug|x86
		{5486307C-2A63-4644-B386-C682BEEB0294}.Release|Mixed Platforms.ActiveCfg = Release|x86
		{5486307C-2A63-4644-B386-C682BEEB0294}.Release|Mixed Platforms.Build.0 = Release|x86
		{5486307C-2A63-4644-B386-C682BEEB0294}.Release|Win32.ActiveCfg = Release|x86
		{5486307C-2A63-4644-B386-C682BEEB0294}.Release|x86.ActiveCfg = Release|x86
		{5486307C-2A63-4644-B386-C682BEEB0294}.Release|x86.Build.0 = Release|x86
		{BD9F6E59-6904-4B0A-AB76-E305A5597C05}.Debug|Mixed Platforms.ActiveCfg = Debug|x86
		{BD9F6E59-6904-4B0A-AB76-E305A5597C05}.Debug|Win32.ActiveCfg = Debug|x86
		{BD9F6E59-6904-4B0A-AB76-E305A5597C05}.Debug|x86.ActiveCfg = Debug|x86
		{BD9F6E59-6904-4B0A-AB76-E305A5597C05}.Release|Mixed Platforms.ActiveCfg = Release|x86
		{BD9F6E59-6904-4B0A-AB76-E305A5597C05}.Release|Win32.ActiveCfg = Release|x86
		{BD9F6E59-6904-4B0A-AB76-E305A5597C05}.Release|x86.ActiveCfg = Release|x86
		{4F25939D-C9FA-452A-805C-96E4EDFE3137}.Debug|Mixed Platforms.ActiveCfg = Debug|Win32
		{4F25939D-C9FA-452A-805C-96E4EDFE3137}.Debug|Mixed Platforms.Build.0 = Debug|Win32
		{4F25939D-C9FA-452A-805C-96E4EDFE3137}.Debug|Win32.ActiveCfg = Debug|Win32
		{4F25939D-C9FA-452A-805C-96E4EDFE3137}.Debug|Win32.Build.0 = Debug|Win32
		{4F25939D-C9FA-452A-805C-96E4EDFE3137}.Debug|x86.ActiveCfg = Debug|Win32
		{4F25939D-C9FA-452A-805C-96E4EDFE3137}.Debug|x86.Build.0 = Debug|Win32
		{4F25939D-C9FA-452A-805C-96E4EDFE3137}.Release|Mixed Platforms.ActiveCfg = Release|Win32
		{4F25939D-C9FA-452A-805C-96E4EDFE3137}.Release|Mixed Platforms.Build.0 = Release|Win32
		{4F25939D-C9FA-452A-805C-96E4EDFE3137}.Release|Win32.ActiveCfg = Release|Win32
		{4F25939D-C9FA-452A-805C-96E4EDFE3137}.Release|Win32.Build.0 = Release|Win32
		{4F25939D-C9FA-452A-805C-96E4EDFE3137}.Release|x86.ActiveCfg = Release|Win32
		{4F25939D-C9FA-452A-805C-96E4EDFE3137}.Release|x86.Build.0 = Release|Win32
		{7FCF27FA-70D3-48ED-A52E-7C7DB64CC61D}.Debug|Mixed Platforms.ActiveCfg = Debug|Win32
		{7FCF27FA-70D3-48ED-A52E-7C7DB64CC61D}.Debug|Mixed Platforms.Build.0 = Debug|Win32
		{7FCF27FA-70D3-48ED-A52E-7C7DB64CC61D}.Debug|Win32.ActiveCfg = Debug|Win32
		{7FCF27FA-70D3-48ED-A52E-7C7DB64CC61D}.Debug|Win32.Build.0 = Debug|Win32
		{7FCF27FA-70D3-48ED-A52E-7C7DB64CC61D}.Debug|x86.ActiveCfg = Debug|Win32
		{7FCF27FA-70D3-48ED-A52E-7C7DB64CC61D}.Debug|x86.Build.0 = Debug|Win32
		{7FCF27FA-70D3-48ED-A52E-7C7DB64CC61D}.Release|Mixed Platforms.ActiveCfg = Release|Win32
		{7FCF27FA-70D3-48ED-A52E-7C7DB64CC61D}.Release|Mixed Platforms.Build.0 = Release|Win32
		{7FCF27FA-70D3-48ED-A52E-7C7DB64CC61D}.Release|Win32.ActiveCfg = Release|Win32
		{7FCF27FA-70D3-48ED-A52E-7C7DB64CC61D}.Release|Win32.Build.0 = Release|Win32
		{7FCF27FA-70D3-48ED-A52E-7C7DB64CC61D}.Release|x86.ActiveCfg = Release|Win32
		{7FCF27FA-70D3-48ED-A52E-7C7DB64CC61D}.Release|x86.Build.0 = Release|Win32
	EndGlobalSection
	GlobalSection(SolutionProperties) = preSolution
		HideSolutionNode = FALSE
	EndGlobalSection
EndGlobal
